
Microsoft Visual Studio Solution File, Format Version 12.00
# Visual Studio Version 16
VisualStudioVersion = 16.0.29102.190
MinimumVisualStudioVersion = 10.0.40219.1
Project("{9A19103F-16F7-4668-BE54-9A1E7A4F7556}") = "WhereAreYou.MeetApi", "WhereAreYou.MeetApi\WhereAreYou.MeetApi.csproj", "{CC93D904-2940-4CE8-B2DE-A68097DF8861}"
	ProjectSection(ProjectDependencies) = postProject
		{C6942A06-FE47-456A-98F5-F98B013726F6} = {C6942A06-FE47-456A-98F5-F98B013726F6}
	EndProjectSection
EndProject
Project("{9A19103F-16F7-4668-BE54-9A1E7A4F7556}") = "WhereAreYou.Sso", "WhereAreYou.Sso\WhereAreYou.Sso.csproj", "{E44BAE7D-9D0D-4D88-8C4A-F9AF4F7A8D94}"
	ProjectSection(ProjectDependencies) = postProject
		{C6942A06-FE47-456A-98F5-F98B013726F6} = {C6942A06-FE47-456A-98F5-F98B013726F6}
	EndProjectSection
EndProject
Project("{9A19103F-16F7-4668-BE54-9A1E7A4F7556}") = "WhereAreYou.Data", "WhereAreYou.Data\WhereAreYou.Data.csproj", "{0A590A30-421A-4860-B198-74E3CBC3B472}"
EndProject
Project("{9A19103F-16F7-4668-BE54-9A1E7A4F7556}") = "WhereAreYou.Data.Test", "WhereAreYou.Data.Test\WhereAreYou.Data.Test.csproj", "{4AFBBE63-8C09-4BB3-99A8-066FBB247161}"
	ProjectSection(ProjectDependencies) = postProject
		{C6942A06-FE47-456A-98F5-F98B013726F6} = {C6942A06-FE47-456A-98F5-F98B013726F6}
	EndProjectSection
EndProject
Project("{9A19103F-16F7-4668-BE54-9A1E7A4F7556}") = "WhereAreYou.Core.UnitTests", "WhereAreYou.Core.UnitTests\WhereAreYou.Core.UnitTests.csproj", "{66140654-584E-4D7D-B87E-A6FC63BECEF1}"
EndProject
Project("{9A19103F-16F7-4668-BE54-9A1E7A4F7556}") = "WhereAreYou.Core", "WhereAreYou.Core\WhereAreYou.Core.csproj", "{C6942A06-FE47-456A-98F5-F98B013726F6}"
EndProject
Project("{9A19103F-16F7-4668-BE54-9A1E7A4F7556}") = "WhereAreYou.Web", "WhereAreYou.Web\WhereAreYou.Web.csproj", "{6FFEC5E5-8D81-4098-9C48-07D265ABA2BF}"
EndProject
Project("{FAE04EC0-301F-11D3-BF4B-00C04F79EFBC}") = "WhereAreYou.MobileApp.Android", "WhereAreYou.MobileApp\WhereAreYou.MobileApp.Android\WhereAreYou.MobileApp.Android.csproj", "{25DD91B0-ACC1-4A12-875E-830EBAE7CBDF}"
EndProject
Project("{FAE04EC0-301F-11D3-BF4B-00C04F79EFBC}") = "WhereAreYou.MobileApp.iOS", "WhereAreYou.MobileApp\WhereAreYou.MobileApp.iOS\WhereAreYou.MobileApp.iOS.csproj", "{C9177F77-3508-4343-94A1-126AFCECD9A9}"
EndProject
Project("{9A19103F-16F7-4668-BE54-9A1E7A4F7556}") = "WhereAreYou.MobileApp", "WhereAreYou.MobileApp\WhereAreYou.MobileApp\WhereAreYou.MobileApp.csproj", "{9F962926-B8A4-4DEE-BEC5-0CEEF911ACF4}"
EndProject
Project("{FAE04EC0-301F-11D3-BF4B-00C04F79EFBC}") = "WhereAreYou.MobileApp.UWP", "WhereAreYou.MobileApp.UWP\WhereAreYou.MobileApp.UWP.csproj", "{6D1D327C-CD92-45D0-898C-FF94BC169E30}"
EndProject
Project("{9A19103F-16F7-4668-BE54-9A1E7A4F7556}") = "WhereAreYou.Sso.ApiClient", "WhereAreYou.Sso.ApiClient\WhereAreYou.Sso.ApiClient.csproj", "{CA19B30C-A873-4BB5-8FEF-6280C8D9C758}"
EndProject
Project("{FAE04EC0-301F-11D3-BF4B-00C04F79EFBC}") = "WhereAreYou.MeetApi.ApiClient", "WhereAreYou.MeetApi.ApiClient\WhereAreYou.MeetApi.ApiClient.csproj", "{A019A4C9-57D8-4CAD-AAD3-949E1039628D}"
EndProject
Global
	GlobalSection(SolutionConfigurationPlatforms) = preSolution
		Debug|Any CPU = Debug|Any CPU
		Debug|ARM = Debug|ARM
		Debug|ARM64 = Debug|ARM64
		Debug|iPhone = Debug|iPhone
		Debug|iPhoneSimulator = Debug|iPhoneSimulator
		Debug|x64 = Debug|x64
		Debug|x86 = Debug|x86
		Release|Any CPU = Release|Any CPU
		Release|ARM = Release|ARM
		Release|ARM64 = Release|ARM64
		Release|iPhone = Release|iPhone
		Release|iPhoneSimulator = Release|iPhoneSimulator
		Release|x64 = Release|x64
		Release|x86 = Release|x86
		Stage|Any CPU = Stage|Any CPU
		Stage|ARM = Stage|ARM
		Stage|ARM64 = Stage|ARM64
		Stage|iPhone = Stage|iPhone
		Stage|iPhoneSimulator = Stage|iPhoneSimulator
		Stage|x64 = Stage|x64
		Stage|x86 = Stage|x86
	EndGlobalSection
	GlobalSection(ProjectConfigurationPlatforms) = postSolution
		{CC93D904-2940-4CE8-B2DE-A68097DF8861}.Debug|Any CPU.ActiveCfg = Debug|Any CPU
		{CC93D904-2940-4CE8-B2DE-A68097DF8861}.Debug|Any CPU.Build.0 = Debug|Any CPU
		{CC93D904-2940-4CE8-B2DE-A68097DF8861}.Debug|ARM.ActiveCfg = Debug|Any CPU
		{CC93D904-2940-4CE8-B2DE-A68097DF8861}.Debug|ARM.Build.0 = Debug|Any CPU
		{CC93D904-2940-4CE8-B2DE-A68097DF8861}.Debug|ARM64.ActiveCfg = Debug|Any CPU
		{CC93D904-2940-4CE8-B2DE-A68097DF8861}.Debug|ARM64.Build.0 = Debug|Any CPU
		{CC93D904-2940-4CE8-B2DE-A68097DF8861}.Debug|iPhone.ActiveCfg = Debug|Any CPU
		{CC93D904-2940-4CE8-B2DE-A68097DF8861}.Debug|iPhone.Build.0 = Debug|Any CPU
		{CC93D904-2940-4CE8-B2DE-A68097DF8861}.Debug|iPhoneSimulator.ActiveCfg = Debug|Any CPU
		{CC93D904-2940-4CE8-B2DE-A68097DF8861}.Debug|iPhoneSimulator.Build.0 = Debug|Any CPU
		{CC93D904-2940-4CE8-B2DE-A68097DF8861}.Debug|x64.ActiveCfg = Debug|Any CPU
		{CC93D904-2940-4CE8-B2DE-A68097DF8861}.Debug|x64.Build.0 = Debug|Any CPU
		{CC93D904-2940-4CE8-B2DE-A68097DF8861}.Debug|x86.ActiveCfg = Debug|Any CPU
		{CC93D904-2940-4CE8-B2DE-A68097DF8861}.Debug|x86.Build.0 = Debug|Any CPU
		{CC93D904-2940-4CE8-B2DE-A68097DF8861}.Release|Any CPU.ActiveCfg = Release|Any CPU
		{CC93D904-2940-4CE8-B2DE-A68097DF8861}.Release|Any CPU.Build.0 = Release|Any CPU
		{CC93D904-2940-4CE8-B2DE-A68097DF8861}.Release|ARM.ActiveCfg = Release|Any CPU
		{CC93D904-2940-4CE8-B2DE-A68097DF8861}.Release|ARM.Build.0 = Release|Any CPU
		{CC93D904-2940-4CE8-B2DE-A68097DF8861}.Release|ARM64.ActiveCfg = Release|Any CPU
		{CC93D904-2940-4CE8-B2DE-A68097DF8861}.Release|ARM64.Build.0 = Release|Any CPU
		{CC93D904-2940-4CE8-B2DE-A68097DF8861}.Release|iPhone.ActiveCfg = Release|Any CPU
		{CC93D904-2940-4CE8-B2DE-A68097DF8861}.Release|iPhone.Build.0 = Release|Any CPU
		{CC93D904-2940-4CE8-B2DE-A68097DF8861}.Release|iPhoneSimulator.ActiveCfg = Release|Any CPU
		{CC93D904-2940-4CE8-B2DE-A68097DF8861}.Release|iPhoneSimulator.Build.0 = Release|Any CPU
		{CC93D904-2940-4CE8-B2DE-A68097DF8861}.Release|x64.ActiveCfg = Release|Any CPU
		{CC93D904-2940-4CE8-B2DE-A68097DF8861}.Release|x64.Build.0 = Release|Any CPU
		{CC93D904-2940-4CE8-B2DE-A68097DF8861}.Release|x86.ActiveCfg = Release|Any CPU
		{CC93D904-2940-4CE8-B2DE-A68097DF8861}.Release|x86.Build.0 = Release|Any CPU
		{CC93D904-2940-4CE8-B2DE-A68097DF8861}.Stage|Any CPU.ActiveCfg = Release|Any CPU
		{CC93D904-2940-4CE8-B2DE-A68097DF8861}.Stage|Any CPU.Build.0 = Release|Any CPU
		{CC93D904-2940-4CE8-B2DE-A68097DF8861}.Stage|ARM.ActiveCfg = Release|Any CPU
		{CC93D904-2940-4CE8-B2DE-A68097DF8861}.Stage|ARM.Build.0 = Release|Any CPU
		{CC93D904-2940-4CE8-B2DE-A68097DF8861}.Stage|ARM64.ActiveCfg = Release|Any CPU
		{CC93D904-2940-4CE8-B2DE-A68097DF8861}.Stage|ARM64.Build.0 = Release|Any CPU
		{CC93D904-2940-4CE8-B2DE-A68097DF8861}.Stage|iPhone.ActiveCfg = Release|Any CPU
		{CC93D904-2940-4CE8-B2DE-A68097DF8861}.Stage|iPhone.Build.0 = Release|Any CPU
		{CC93D904-2940-4CE8-B2DE-A68097DF8861}.Stage|iPhoneSimulator.ActiveCfg = Release|Any CPU
		{CC93D904-2940-4CE8-B2DE-A68097DF8861}.Stage|iPhoneSimulator.Build.0 = Release|Any CPU
		{CC93D904-2940-4CE8-B2DE-A68097DF8861}.Stage|x64.ActiveCfg = Release|Any CPU
		{CC93D904-2940-4CE8-B2DE-A68097DF8861}.Stage|x64.Build.0 = Release|Any CPU
		{CC93D904-2940-4CE8-B2DE-A68097DF8861}.Stage|x86.ActiveCfg = Release|Any CPU
		{CC93D904-2940-4CE8-B2DE-A68097DF8861}.Stage|x86.Build.0 = Release|Any CPU
		{E44BAE7D-9D0D-4D88-8C4A-F9AF4F7A8D94}.Debug|Any CPU.ActiveCfg = Debug|Any CPU
		{E44BAE7D-9D0D-4D88-8C4A-F9AF4F7A8D94}.Debug|Any CPU.Build.0 = Debug|Any CPU
		{E44BAE7D-9D0D-4D88-8C4A-F9AF4F7A8D94}.Debug|ARM.ActiveCfg = Debug|Any CPU
		{E44BAE7D-9D0D-4D88-8C4A-F9AF4F7A8D94}.Debug|ARM.Build.0 = Debug|Any CPU
		{E44BAE7D-9D0D-4D88-8C4A-F9AF4F7A8D94}.Debug|ARM64.ActiveCfg = Debug|Any CPU
		{E44BAE7D-9D0D-4D88-8C4A-F9AF4F7A8D94}.Debug|ARM64.Build.0 = Debug|Any CPU
		{E44BAE7D-9D0D-4D88-8C4A-F9AF4F7A8D94}.Debug|iPhone.ActiveCfg = Debug|Any CPU
		{E44BAE7D-9D0D-4D88-8C4A-F9AF4F7A8D94}.Debug|iPhone.Build.0 = Debug|Any CPU
		{E44BAE7D-9D0D-4D88-8C4A-F9AF4F7A8D94}.Debug|iPhoneSimulator.ActiveCfg = Debug|Any CPU
		{E44BAE7D-9D0D-4D88-8C4A-F9AF4F7A8D94}.Debug|iPhoneSimulator.Build.0 = Debug|Any CPU
		{E44BAE7D-9D0D-4D88-8C4A-F9AF4F7A8D94}.Debug|x64.ActiveCfg = Debug|Any CPU
		{E44BAE7D-9D0D-4D88-8C4A-F9AF4F7A8D94}.Debug|x64.Build.0 = Debug|Any CPU
		{E44BAE7D-9D0D-4D88-8C4A-F9AF4F7A8D94}.Debug|x86.ActiveCfg = Debug|Any CPU
		{E44BAE7D-9D0D-4D88-8C4A-F9AF4F7A8D94}.Debug|x86.Build.0 = Debug|Any CPU
		{E44BAE7D-9D0D-4D88-8C4A-F9AF4F7A8D94}.Release|Any CPU.ActiveCfg = Release|Any CPU
		{E44BAE7D-9D0D-4D88-8C4A-F9AF4F7A8D94}.Release|Any CPU.Build.0 = Release|Any CPU
		{E44BAE7D-9D0D-4D88-8C4A-F9AF4F7A8D94}.Release|ARM.ActiveCfg = Release|Any CPU
		{E44BAE7D-9D0D-4D88-8C4A-F9AF4F7A8D94}.Release|ARM.Build.0 = Release|Any CPU
		{E44BAE7D-9D0D-4D88-8C4A-F9AF4F7A8D94}.Release|ARM64.ActiveCfg = Release|Any CPU
		{E44BAE7D-9D0D-4D88-8C4A-F9AF4F7A8D94}.Release|ARM64.Build.0 = Release|Any CPU
		{E44BAE7D-9D0D-4D88-8C4A-F9AF4F7A8D94}.Release|iPhone.ActiveCfg = Release|Any CPU
		{E44BAE7D-9D0D-4D88-8C4A-F9AF4F7A8D94}.Release|iPhone.Build.0 = Release|Any CPU
		{E44BAE7D-9D0D-4D88-8C4A-F9AF4F7A8D94}.Release|iPhoneSimulator.ActiveCfg = Release|Any CPU
		{E44BAE7D-9D0D-4D88-8C4A-F9AF4F7A8D94}.Release|iPhoneSimulator.Build.0 = Release|Any CPU
		{E44BAE7D-9D0D-4D88-8C4A-F9AF4F7A8D94}.Release|x64.ActiveCfg = Release|Any CPU
		{E44BAE7D-9D0D-4D88-8C4A-F9AF4F7A8D94}.Release|x64.Build.0 = Release|Any CPU
		{E44BAE7D-9D0D-4D88-8C4A-F9AF4F7A8D94}.Release|x86.ActiveCfg = Release|Any CPU
		{E44BAE7D-9D0D-4D88-8C4A-F9AF4F7A8D94}.Release|x86.Build.0 = Release|Any CPU
		{E44BAE7D-9D0D-4D88-8C4A-F9AF4F7A8D94}.Stage|Any CPU.ActiveCfg = Release|Any CPU
		{E44BAE7D-9D0D-4D88-8C4A-F9AF4F7A8D94}.Stage|Any CPU.Build.0 = Release|Any CPU
		{E44BAE7D-9D0D-4D88-8C4A-F9AF4F7A8D94}.Stage|ARM.ActiveCfg = Release|Any CPU
		{E44BAE7D-9D0D-4D88-8C4A-F9AF4F7A8D94}.Stage|ARM.Build.0 = Release|Any CPU
		{E44BAE7D-9D0D-4D88-8C4A-F9AF4F7A8D94}.Stage|ARM64.ActiveCfg = Release|Any CPU
		{E44BAE7D-9D0D-4D88-8C4A-F9AF4F7A8D94}.Stage|ARM64.Build.0 = Release|Any CPU
		{E44BAE7D-9D0D-4D88-8C4A-F9AF4F7A8D94}.Stage|iPhone.ActiveCfg = Release|Any CPU
		{E44BAE7D-9D0D-4D88-8C4A-F9AF4F7A8D94}.Stage|iPhone.Build.0 = Release|Any CPU
		{E44BAE7D-9D0D-4D88-8C4A-F9AF4F7A8D94}.Stage|iPhoneSimulator.ActiveCfg = Release|Any CPU
		{E44BAE7D-9D0D-4D88-8C4A-F9AF4F7A8D94}.Stage|iPhoneSimulator.Build.0 = Release|Any CPU
		{E44BAE7D-9D0D-4D88-8C4A-F9AF4F7A8D94}.Stage|x64.ActiveCfg = Release|Any CPU
		{E44BAE7D-9D0D-4D88-8C4A-F9AF4F7A8D94}.Stage|x64.Build.0 = Release|Any CPU
		{E44BAE7D-9D0D-4D88-8C4A-F9AF4F7A8D94}.Stage|x86.ActiveCfg = Release|Any CPU
		{E44BAE7D-9D0D-4D88-8C4A-F9AF4F7A8D94}.Stage|x86.Build.0 = Release|Any CPU
		{0A590A30-421A-4860-B198-74E3CBC3B472}.Debug|Any CPU.ActiveCfg = Debug|Any CPU
		{0A590A30-421A-4860-B198-74E3CBC3B472}.Debug|Any CPU.Build.0 = Debug|Any CPU
		{0A590A30-421A-4860-B198-74E3CBC3B472}.Debug|ARM.ActiveCfg = Debug|Any CPU
		{0A590A30-421A-4860-B198-74E3CBC3B472}.Debug|ARM.Build.0 = Debug|Any CPU
		{0A590A30-421A-4860-B198-74E3CBC3B472}.Debug|ARM64.ActiveCfg = Debug|Any CPU
		{0A590A30-421A-4860-B198-74E3CBC3B472}.Debug|ARM64.Build.0 = Debug|Any CPU
		{0A590A30-421A-4860-B198-74E3CBC3B472}.Debug|iPhone.ActiveCfg = Debug|Any CPU
		{0A590A30-421A-4860-B198-74E3CBC3B472}.Debug|iPhone.Build.0 = Debug|Any CPU
		{0A590A30-421A-4860-B198-74E3CBC3B472}.Debug|iPhoneSimulator.ActiveCfg = Debug|Any CPU
		{0A590A30-421A-4860-B198-74E3CBC3B472}.Debug|iPhoneSimulator.Build.0 = Debug|Any CPU
		{0A590A30-421A-4860-B198-74E3CBC3B472}.Debug|x64.ActiveCfg = Debug|Any CPU
		{0A590A30-421A-4860-B198-74E3CBC3B472}.Debug|x64.Build.0 = Debug|Any CPU
		{0A590A30-421A-4860-B198-74E3CBC3B472}.Debug|x86.ActiveCfg = Debug|Any CPU
		{0A590A30-421A-4860-B198-74E3CBC3B472}.Debug|x86.Build.0 = Debug|Any CPU
		{0A590A30-421A-4860-B198-74E3CBC3B472}.Release|Any CPU.ActiveCfg = Release|Any CPU
		{0A590A30-421A-4860-B198-74E3CBC3B472}.Release|Any CPU.Build.0 = Release|Any CPU
		{0A590A30-421A-4860-B198-74E3CBC3B472}.Release|ARM.ActiveCfg = Release|Any CPU
		{0A590A30-421A-4860-B198-74E3CBC3B472}.Release|ARM.Build.0 = Release|Any CPU
		{0A590A30-421A-4860-B198-74E3CBC3B472}.Release|ARM64.ActiveCfg = Release|Any CPU
		{0A590A30-421A-4860-B198-74E3CBC3B472}.Release|ARM64.Build.0 = Release|Any CPU
		{0A590A30-421A-4860-B198-74E3CBC3B472}.Release|iPhone.ActiveCfg = Release|Any CPU
		{0A590A30-421A-4860-B198-74E3CBC3B472}.Release|iPhone.Build.0 = Release|Any CPU
		{0A590A30-421A-4860-B198-74E3CBC3B472}.Release|iPhoneSimulator.ActiveCfg = Release|Any CPU
		{0A590A30-421A-4860-B198-74E3CBC3B472}.Release|iPhoneSimulator.Build.0 = Release|Any CPU
		{0A590A30-421A-4860-B198-74E3CBC3B472}.Release|x64.ActiveCfg = Release|Any CPU
		{0A590A30-421A-4860-B198-74E3CBC3B472}.Release|x64.Build.0 = Release|Any CPU
		{0A590A30-421A-4860-B198-74E3CBC3B472}.Release|x86.ActiveCfg = Release|Any CPU
		{0A590A30-421A-4860-B198-74E3CBC3B472}.Release|x86.Build.0 = Release|Any CPU
		{0A590A30-421A-4860-B198-74E3CBC3B472}.Stage|Any CPU.ActiveCfg = Release|Any CPU
		{0A590A30-421A-4860-B198-74E3CBC3B472}.Stage|Any CPU.Build.0 = Release|Any CPU
		{0A590A30-421A-4860-B198-74E3CBC3B472}.Stage|ARM.ActiveCfg = Release|Any CPU
		{0A590A30-421A-4860-B198-74E3CBC3B472}.Stage|ARM.Build.0 = Release|Any CPU
		{0A590A30-421A-4860-B198-74E3CBC3B472}.Stage|ARM64.ActiveCfg = Release|Any CPU
		{0A590A30-421A-4860-B198-74E3CBC3B472}.Stage|ARM64.Build.0 = Release|Any CPU
		{0A590A30-421A-4860-B198-74E3CBC3B472}.Stage|iPhone.ActiveCfg = Release|Any CPU
		{0A590A30-421A-4860-B198-74E3CBC3B472}.Stage|iPhone.Build.0 = Release|Any CPU
		{0A590A30-421A-4860-B198-74E3CBC3B472}.Stage|iPhoneSimulator.ActiveCfg = Release|Any CPU
		{0A590A30-421A-4860-B198-74E3CBC3B472}.Stage|iPhoneSimulator.Build.0 = Release|Any CPU
		{0A590A30-421A-4860-B198-74E3CBC3B472}.Stage|x64.ActiveCfg = Release|Any CPU
		{0A590A30-421A-4860-B198-74E3CBC3B472}.Stage|x64.Build.0 = Release|Any CPU
		{0A590A30-421A-4860-B198-74E3CBC3B472}.Stage|x86.ActiveCfg = Release|Any CPU
		{0A590A30-421A-4860-B198-74E3CBC3B472}.Stage|x86.Build.0 = Release|Any CPU
		{4AFBBE63-8C09-4BB3-99A8-066FBB247161}.Debug|Any CPU.ActiveCfg = Debug|Any CPU
		{4AFBBE63-8C09-4BB3-99A8-066FBB247161}.Debug|Any CPU.Build.0 = Debug|Any CPU
		{4AFBBE63-8C09-4BB3-99A8-066FBB247161}.Debug|ARM.ActiveCfg = Debug|Any CPU
		{4AFBBE63-8C09-4BB3-99A8-066FBB247161}.Debug|ARM.Build.0 = Debug|Any CPU
		{4AFBBE63-8C09-4BB3-99A8-066FBB247161}.Debug|ARM64.ActiveCfg = Debug|Any CPU
		{4AFBBE63-8C09-4BB3-99A8-066FBB247161}.Debug|ARM64.Build.0 = Debug|Any CPU
		{4AFBBE63-8C09-4BB3-99A8-066FBB247161}.Debug|iPhone.ActiveCfg = Debug|Any CPU
		{4AFBBE63-8C09-4BB3-99A8-066FBB247161}.Debug|iPhone.Build.0 = Debug|Any CPU
		{4AFBBE63-8C09-4BB3-99A8-066FBB247161}.Debug|iPhoneSimulator.ActiveCfg = Debug|Any CPU
		{4AFBBE63-8C09-4BB3-99A8-066FBB247161}.Debug|iPhoneSimulator.Build.0 = Debug|Any CPU
		{4AFBBE63-8C09-4BB3-99A8-066FBB247161}.Debug|x64.ActiveCfg = Debug|Any CPU
		{4AFBBE63-8C09-4BB3-99A8-066FBB247161}.Debug|x64.Build.0 = Debug|Any CPU
		{4AFBBE63-8C09-4BB3-99A8-066FBB247161}.Debug|x86.ActiveCfg = Debug|Any CPU
		{4AFBBE63-8C09-4BB3-99A8-066FBB247161}.Debug|x86.Build.0 = Debug|Any CPU
		{4AFBBE63-8C09-4BB3-99A8-066FBB247161}.Release|Any CPU.ActiveCfg = Release|Any CPU
		{4AFBBE63-8C09-4BB3-99A8-066FBB247161}.Release|Any CPU.Build.0 = Release|Any CPU
		{4AFBBE63-8C09-4BB3-99A8-066FBB247161}.Release|ARM.ActiveCfg = Release|Any CPU
		{4AFBBE63-8C09-4BB3-99A8-066FBB247161}.Release|ARM.Build.0 = Release|Any CPU
		{4AFBBE63-8C09-4BB3-99A8-066FBB247161}.Release|ARM64.ActiveCfg = Release|Any CPU
		{4AFBBE63-8C09-4BB3-99A8-066FBB247161}.Release|ARM64.Build.0 = Release|Any CPU
		{4AFBBE63-8C09-4BB3-99A8-066FBB247161}.Release|iPhone.ActiveCfg = Release|Any CPU
		{4AFBBE63-8C09-4BB3-99A8-066FBB247161}.Release|iPhone.Build.0 = Release|Any CPU
		{4AFBBE63-8C09-4BB3-99A8-066FBB247161}.Release|iPhoneSimulator.ActiveCfg = Release|Any CPU
		{4AFBBE63-8C09-4BB3-99A8-066FBB247161}.Release|iPhoneSimulator.Build.0 = Release|Any CPU
		{4AFBBE63-8C09-4BB3-99A8-066FBB247161}.Release|x64.ActiveCfg = Release|Any CPU
		{4AFBBE63-8C09-4BB3-99A8-066FBB247161}.Release|x64.Build.0 = Release|Any CPU
		{4AFBBE63-8C09-4BB3-99A8-066FBB247161}.Release|x86.ActiveCfg = Release|Any CPU
		{4AFBBE63-8C09-4BB3-99A8-066FBB247161}.Release|x86.Build.0 = Release|Any CPU
		{4AFBBE63-8C09-4BB3-99A8-066FBB247161}.Stage|Any CPU.ActiveCfg = Release|Any CPU
		{4AFBBE63-8C09-4BB3-99A8-066FBB247161}.Stage|Any CPU.Build.0 = Release|Any CPU
		{4AFBBE63-8C09-4BB3-99A8-066FBB247161}.Stage|ARM.ActiveCfg = Release|Any CPU
		{4AFBBE63-8C09-4BB3-99A8-066FBB247161}.Stage|ARM.Build.0 = Release|Any CPU
		{4AFBBE63-8C09-4BB3-99A8-066FBB247161}.Stage|ARM64.ActiveCfg = Release|Any CPU
		{4AFBBE63-8C09-4BB3-99A8-066FBB247161}.Stage|ARM64.Build.0 = Release|Any CPU
		{4AFBBE63-8C09-4BB3-99A8-066FBB247161}.Stage|iPhone.ActiveCfg = Release|Any CPU
		{4AFBBE63-8C09-4BB3-99A8-066FBB247161}.Stage|iPhone.Build.0 = Release|Any CPU
		{4AFBBE63-8C09-4BB3-99A8-066FBB247161}.Stage|iPhoneSimulator.ActiveCfg = Release|Any CPU
		{4AFBBE63-8C09-4BB3-99A8-066FBB247161}.Stage|iPhoneSimulator.Build.0 = Release|Any CPU
		{4AFBBE63-8C09-4BB3-99A8-066FBB247161}.Stage|x64.ActiveCfg = Release|Any CPU
		{4AFBBE63-8C09-4BB3-99A8-066FBB247161}.Stage|x64.Build.0 = Release|Any CPU
		{4AFBBE63-8C09-4BB3-99A8-066FBB247161}.Stage|x86.ActiveCfg = Release|Any CPU
		{4AFBBE63-8C09-4BB3-99A8-066FBB247161}.Stage|x86.Build.0 = Release|Any CPU
		{66140654-584E-4D7D-B87E-A6FC63BECEF1}.Debug|Any CPU.ActiveCfg = Debug|Any CPU
		{66140654-584E-4D7D-B87E-A6FC63BECEF1}.Debug|Any CPU.Build.0 = Debug|Any CPU
		{66140654-584E-4D7D-B87E-A6FC63BECEF1}.Debug|ARM.ActiveCfg = Debug|Any CPU
		{66140654-584E-4D7D-B87E-A6FC63BECEF1}.Debug|ARM.Build.0 = Debug|Any CPU
		{66140654-584E-4D7D-B87E-A6FC63BECEF1}.Debug|ARM64.ActiveCfg = Debug|Any CPU
		{66140654-584E-4D7D-B87E-A6FC63BECEF1}.Debug|ARM64.Build.0 = Debug|Any CPU
		{66140654-584E-4D7D-B87E-A6FC63BECEF1}.Debug|iPhone.ActiveCfg = Debug|Any CPU
		{66140654-584E-4D7D-B87E-A6FC63BECEF1}.Debug|iPhone.Build.0 = Debug|Any CPU
		{66140654-584E-4D7D-B87E-A6FC63BECEF1}.Debug|iPhoneSimulator.ActiveCfg = Debug|Any CPU
		{66140654-584E-4D7D-B87E-A6FC63BECEF1}.Debug|iPhoneSimulator.Build.0 = Debug|Any CPU
		{66140654-584E-4D7D-B87E-A6FC63BECEF1}.Debug|x64.ActiveCfg = Debug|Any CPU
		{66140654-584E-4D7D-B87E-A6FC63BECEF1}.Debug|x64.Build.0 = Debug|Any CPU
		{66140654-584E-4D7D-B87E-A6FC63BECEF1}.Debug|x86.ActiveCfg = Debug|Any CPU
		{66140654-584E-4D7D-B87E-A6FC63BECEF1}.Debug|x86.Build.0 = Debug|Any CPU
		{66140654-584E-4D7D-B87E-A6FC63BECEF1}.Release|Any CPU.ActiveCfg = Release|Any CPU
		{66140654-584E-4D7D-B87E-A6FC63BECEF1}.Release|Any CPU.Build.0 = Release|Any CPU
		{66140654-584E-4D7D-B87E-A6FC63BECEF1}.Release|ARM.ActiveCfg = Release|Any CPU
		{66140654-584E-4D7D-B87E-A6FC63BECEF1}.Release|ARM.Build.0 = Release|Any CPU
		{66140654-584E-4D7D-B87E-A6FC63BECEF1}.Release|ARM64.ActiveCfg = Release|Any CPU
		{66140654-584E-4D7D-B87E-A6FC63BECEF1}.Release|ARM64.Build.0 = Release|Any CPU
		{66140654-584E-4D7D-B87E-A6FC63BECEF1}.Release|iPhone.ActiveCfg = Release|Any CPU
		{66140654-584E-4D7D-B87E-A6FC63BECEF1}.Release|iPhone.Build.0 = Release|Any CPU
		{66140654-584E-4D7D-B87E-A6FC63BECEF1}.Release|iPhoneSimulator.ActiveCfg = Release|Any CPU
		{66140654-584E-4D7D-B87E-A6FC63BECEF1}.Release|iPhoneSimulator.Build.0 = Release|Any CPU
		{66140654-584E-4D7D-B87E-A6FC63BECEF1}.Release|x64.ActiveCfg = Release|Any CPU
		{66140654-584E-4D7D-B87E-A6FC63BECEF1}.Release|x64.Build.0 = Release|Any CPU
		{66140654-584E-4D7D-B87E-A6FC63BECEF1}.Release|x86.ActiveCfg = Release|Any CPU
		{66140654-584E-4D7D-B87E-A6FC63BECEF1}.Release|x86.Build.0 = Release|Any CPU
		{66140654-584E-4D7D-B87E-A6FC63BECEF1}.Stage|Any CPU.ActiveCfg = Release|Any CPU
		{66140654-584E-4D7D-B87E-A6FC63BECEF1}.Stage|Any CPU.Build.0 = Release|Any CPU
		{66140654-584E-4D7D-B87E-A6FC63BECEF1}.Stage|ARM.ActiveCfg = Release|Any CPU
		{66140654-584E-4D7D-B87E-A6FC63BECEF1}.Stage|ARM.Build.0 = Release|Any CPU
		{66140654-584E-4D7D-B87E-A6FC63BECEF1}.Stage|ARM64.ActiveCfg = Release|Any CPU
		{66140654-584E-4D7D-B87E-A6FC63BECEF1}.Stage|ARM64.Build.0 = Release|Any CPU
		{66140654-584E-4D7D-B87E-A6FC63BECEF1}.Stage|iPhone.ActiveCfg = Release|Any CPU
		{66140654-584E-4D7D-B87E-A6FC63BECEF1}.Stage|iPhone.Build.0 = Release|Any CPU
		{66140654-584E-4D7D-B87E-A6FC63BECEF1}.Stage|iPhoneSimulator.ActiveCfg = Release|Any CPU
		{66140654-584E-4D7D-B87E-A6FC63BECEF1}.Stage|iPhoneSimulator.Build.0 = Release|Any CPU
		{66140654-584E-4D7D-B87E-A6FC63BECEF1}.Stage|x64.ActiveCfg = Release|Any CPU
		{66140654-584E-4D7D-B87E-A6FC63BECEF1}.Stage|x64.Build.0 = Release|Any CPU
		{66140654-584E-4D7D-B87E-A6FC63BECEF1}.Stage|x86.ActiveCfg = Release|Any CPU
		{66140654-584E-4D7D-B87E-A6FC63BECEF1}.Stage|x86.Build.0 = Release|Any CPU
		{C6942A06-FE47-456A-98F5-F98B013726F6}.Debug|Any CPU.ActiveCfg = Debug|Any CPU
		{C6942A06-FE47-456A-98F5-F98B013726F6}.Debug|Any CPU.Build.0 = Debug|Any CPU
		{C6942A06-FE47-456A-98F5-F98B013726F6}.Debug|ARM.ActiveCfg = Debug|Any CPU
		{C6942A06-FE47-456A-98F5-F98B013726F6}.Debug|ARM.Build.0 = Debug|Any CPU
		{C6942A06-FE47-456A-98F5-F98B013726F6}.Debug|ARM64.ActiveCfg = Debug|Any CPU
		{C6942A06-FE47-456A-98F5-F98B013726F6}.Debug|ARM64.Build.0 = Debug|Any CPU
		{C6942A06-FE47-456A-98F5-F98B013726F6}.Debug|iPhone.ActiveCfg = Debug|Any CPU
		{C6942A06-FE47-456A-98F5-F98B013726F6}.Debug|iPhone.Build.0 = Debug|Any CPU
		{C6942A06-FE47-456A-98F5-F98B013726F6}.Debug|iPhoneSimulator.ActiveCfg = Debug|Any CPU
		{C6942A06-FE47-456A-98F5-F98B013726F6}.Debug|iPhoneSimulator.Build.0 = Debug|Any CPU
		{C6942A06-FE47-456A-98F5-F98B013726F6}.Debug|x64.ActiveCfg = Debug|Any CPU
		{C6942A06-FE47-456A-98F5-F98B013726F6}.Debug|x64.Build.0 = Debug|Any CPU
		{C6942A06-FE47-456A-98F5-F98B013726F6}.Debug|x86.ActiveCfg = Debug|Any CPU
		{C6942A06-FE47-456A-98F5-F98B013726F6}.Debug|x86.Build.0 = Debug|Any CPU
		{C6942A06-FE47-456A-98F5-F98B013726F6}.Release|Any CPU.ActiveCfg = Release|Any CPU
		{C6942A06-FE47-456A-98F5-F98B013726F6}.Release|Any CPU.Build.0 = Release|Any CPU
		{C6942A06-FE47-456A-98F5-F98B013726F6}.Release|ARM.ActiveCfg = Release|Any CPU
		{C6942A06-FE47-456A-98F5-F98B013726F6}.Release|ARM.Build.0 = Release|Any CPU
		{C6942A06-FE47-456A-98F5-F98B013726F6}.Release|ARM64.ActiveCfg = Release|Any CPU
		{C6942A06-FE47-456A-98F5-F98B013726F6}.Release|ARM64.Build.0 = Release|Any CPU
		{C6942A06-FE47-456A-98F5-F98B013726F6}.Release|iPhone.ActiveCfg = Release|Any CPU
		{C6942A06-FE47-456A-98F5-F98B013726F6}.Release|iPhone.Build.0 = Release|Any CPU
		{C6942A06-FE47-456A-98F5-F98B013726F6}.Release|iPhoneSimulator.ActiveCfg = Release|Any CPU
		{C6942A06-FE47-456A-98F5-F98B013726F6}.Release|iPhoneSimulator.Build.0 = Release|Any CPU
		{C6942A06-FE47-456A-98F5-F98B013726F6}.Release|x64.ActiveCfg = Release|Any CPU
		{C6942A06-FE47-456A-98F5-F98B013726F6}.Release|x64.Build.0 = Release|Any CPU
		{C6942A06-FE47-456A-98F5-F98B013726F6}.Release|x86.ActiveCfg = Release|Any CPU
		{C6942A06-FE47-456A-98F5-F98B013726F6}.Release|x86.Build.0 = Release|Any CPU
		{C6942A06-FE47-456A-98F5-F98B013726F6}.Stage|Any CPU.ActiveCfg = Release|Any CPU
		{C6942A06-FE47-456A-98F5-F98B013726F6}.Stage|Any CPU.Build.0 = Release|Any CPU
		{C6942A06-FE47-456A-98F5-F98B013726F6}.Stage|ARM.ActiveCfg = Release|Any CPU
		{C6942A06-FE47-456A-98F5-F98B013726F6}.Stage|ARM.Build.0 = Release|Any CPU
		{C6942A06-FE47-456A-98F5-F98B013726F6}.Stage|ARM64.ActiveCfg = Release|Any CPU
		{C6942A06-FE47-456A-98F5-F98B013726F6}.Stage|ARM64.Build.0 = Release|Any CPU
		{C6942A06-FE47-456A-98F5-F98B013726F6}.Stage|iPhone.ActiveCfg = Release|Any CPU
		{C6942A06-FE47-456A-98F5-F98B013726F6}.Stage|iPhone.Build.0 = Release|Any CPU
		{C6942A06-FE47-456A-98F5-F98B013726F6}.Stage|iPhoneSimulator.ActiveCfg = Release|Any CPU
		{C6942A06-FE47-456A-98F5-F98B013726F6}.Stage|iPhoneSimulator.Build.0 = Release|Any CPU
		{C6942A06-FE47-456A-98F5-F98B013726F6}.Stage|x64.ActiveCfg = Release|Any CPU
		{C6942A06-FE47-456A-98F5-F98B013726F6}.Stage|x64.Build.0 = Release|Any CPU
		{C6942A06-FE47-456A-98F5-F98B013726F6}.Stage|x86.ActiveCfg = Release|Any CPU
		{C6942A06-FE47-456A-98F5-F98B013726F6}.Stage|x86.Build.0 = Release|Any CPU
		{6FFEC5E5-8D81-4098-9C48-07D265ABA2BF}.Debug|Any CPU.ActiveCfg = Debug|Any CPU
		{6FFEC5E5-8D81-4098-9C48-07D265ABA2BF}.Debug|Any CPU.Build.0 = Debug|Any CPU
		{6FFEC5E5-8D81-4098-9C48-07D265ABA2BF}.Debug|ARM.ActiveCfg = Debug|Any CPU
		{6FFEC5E5-8D81-4098-9C48-07D265ABA2BF}.Debug|ARM.Build.0 = Debug|Any CPU
		{6FFEC5E5-8D81-4098-9C48-07D265ABA2BF}.Debug|ARM64.ActiveCfg = Debug|Any CPU
		{6FFEC5E5-8D81-4098-9C48-07D265ABA2BF}.Debug|ARM64.Build.0 = Debug|Any CPU
		{6FFEC5E5-8D81-4098-9C48-07D265ABA2BF}.Debug|iPhone.ActiveCfg = Debug|Any CPU
		{6FFEC5E5-8D81-4098-9C48-07D265ABA2BF}.Debug|iPhone.Build.0 = Debug|Any CPU
		{6FFEC5E5-8D81-4098-9C48-07D265ABA2BF}.Debug|iPhoneSimulator.ActiveCfg = Debug|Any CPU
		{6FFEC5E5-8D81-4098-9C48-07D265ABA2BF}.Debug|iPhoneSimulator.Build.0 = Debug|Any CPU
		{6FFEC5E5-8D81-4098-9C48-07D265ABA2BF}.Debug|x64.ActiveCfg = Debug|Any CPU
		{6FFEC5E5-8D81-4098-9C48-07D265ABA2BF}.Debug|x64.Build.0 = Debug|Any CPU
		{6FFEC5E5-8D81-4098-9C48-07D265ABA2BF}.Debug|x86.ActiveCfg = Debug|Any CPU
		{6FFEC5E5-8D81-4098-9C48-07D265ABA2BF}.Debug|x86.Build.0 = Debug|Any CPU
		{6FFEC5E5-8D81-4098-9C48-07D265ABA2BF}.Release|Any CPU.ActiveCfg = Release|Any CPU
		{6FFEC5E5-8D81-4098-9C48-07D265ABA2BF}.Release|Any CPU.Build.0 = Release|Any CPU
		{6FFEC5E5-8D81-4098-9C48-07D265ABA2BF}.Release|ARM.ActiveCfg = Release|Any CPU
		{6FFEC5E5-8D81-4098-9C48-07D265ABA2BF}.Release|ARM.Build.0 = Release|Any CPU
		{6FFEC5E5-8D81-4098-9C48-07D265ABA2BF}.Release|ARM64.ActiveCfg = Release|Any CPU
		{6FFEC5E5-8D81-4098-9C48-07D265ABA2BF}.Release|ARM64.Build.0 = Release|Any CPU
		{6FFEC5E5-8D81-4098-9C48-07D265ABA2BF}.Release|iPhone.ActiveCfg = Release|Any CPU
		{6FFEC5E5-8D81-4098-9C48-07D265ABA2BF}.Release|iPhone.Build.0 = Release|Any CPU
		{6FFEC5E5-8D81-4098-9C48-07D265ABA2BF}.Release|iPhoneSimulator.ActiveCfg = Release|Any CPU
		{6FFEC5E5-8D81-4098-9C48-07D265ABA2BF}.Release|iPhoneSimulator.Build.0 = Release|Any CPU
		{6FFEC5E5-8D81-4098-9C48-07D265ABA2BF}.Release|x64.ActiveCfg = Release|Any CPU
		{6FFEC5E5-8D81-4098-9C48-07D265ABA2BF}.Release|x64.Build.0 = Release|Any CPU
		{6FFEC5E5-8D81-4098-9C48-07D265ABA2BF}.Release|x86.ActiveCfg = Release|Any CPU
		{6FFEC5E5-8D81-4098-9C48-07D265ABA2BF}.Release|x86.Build.0 = Release|Any CPU
		{6FFEC5E5-8D81-4098-9C48-07D265ABA2BF}.Stage|Any CPU.ActiveCfg = Release|Any CPU
		{6FFEC5E5-8D81-4098-9C48-07D265ABA2BF}.Stage|Any CPU.Build.0 = Release|Any CPU
		{6FFEC5E5-8D81-4098-9C48-07D265ABA2BF}.Stage|ARM.ActiveCfg = Release|Any CPU
		{6FFEC5E5-8D81-4098-9C48-07D265ABA2BF}.Stage|ARM.Build.0 = Release|Any CPU
		{6FFEC5E5-8D81-4098-9C48-07D265ABA2BF}.Stage|ARM64.ActiveCfg = Release|Any CPU
		{6FFEC5E5-8D81-4098-9C48-07D265ABA2BF}.Stage|ARM64.Build.0 = Release|Any CPU
		{6FFEC5E5-8D81-4098-9C48-07D265ABA2BF}.Stage|iPhone.ActiveCfg = Release|Any CPU
		{6FFEC5E5-8D81-4098-9C48-07D265ABA2BF}.Stage|iPhone.Build.0 = Release|Any CPU
		{6FFEC5E5-8D81-4098-9C48-07D265ABA2BF}.Stage|iPhoneSimulator.ActiveCfg = Release|Any CPU
		{6FFEC5E5-8D81-4098-9C48-07D265ABA2BF}.Stage|iPhoneSimulator.Build.0 = Release|Any CPU
		{6FFEC5E5-8D81-4098-9C48-07D265ABA2BF}.Stage|x64.ActiveCfg = Release|Any CPU
		{6FFEC5E5-8D81-4098-9C48-07D265ABA2BF}.Stage|x64.Build.0 = Release|Any CPU
		{6FFEC5E5-8D81-4098-9C48-07D265ABA2BF}.Stage|x86.ActiveCfg = Release|Any CPU
		{6FFEC5E5-8D81-4098-9C48-07D265ABA2BF}.Stage|x86.Build.0 = Release|Any CPU
		{25DD91B0-ACC1-4A12-875E-830EBAE7CBDF}.Debug|Any CPU.ActiveCfg = Debug|Any CPU
		{25DD91B0-ACC1-4A12-875E-830EBAE7CBDF}.Debug|Any CPU.Build.0 = Debug|Any CPU
		{25DD91B0-ACC1-4A12-875E-830EBAE7CBDF}.Debug|Any CPU.Deploy.0 = Debug|Any CPU
		{25DD91B0-ACC1-4A12-875E-830EBAE7CBDF}.Debug|ARM.ActiveCfg = Debug|Any CPU
		{25DD91B0-ACC1-4A12-875E-830EBAE7CBDF}.Debug|ARM.Build.0 = Debug|Any CPU
		{25DD91B0-ACC1-4A12-875E-830EBAE7CBDF}.Debug|ARM.Deploy.0 = Debug|Any CPU
		{25DD91B0-ACC1-4A12-875E-830EBAE7CBDF}.Debug|ARM64.ActiveCfg = Debug|Any CPU
		{25DD91B0-ACC1-4A12-875E-830EBAE7CBDF}.Debug|ARM64.Build.0 = Debug|Any CPU
		{25DD91B0-ACC1-4A12-875E-830EBAE7CBDF}.Debug|ARM64.Deploy.0 = Debug|Any CPU
		{25DD91B0-ACC1-4A12-875E-830EBAE7CBDF}.Debug|iPhone.ActiveCfg = Debug|Any CPU
		{25DD91B0-ACC1-4A12-875E-830EBAE7CBDF}.Debug|iPhone.Build.0 = Debug|Any CPU
		{25DD91B0-ACC1-4A12-875E-830EBAE7CBDF}.Debug|iPhone.Deploy.0 = Debug|Any CPU
		{25DD91B0-ACC1-4A12-875E-830EBAE7CBDF}.Debug|iPhoneSimulator.ActiveCfg = Debug|Any CPU
		{25DD91B0-ACC1-4A12-875E-830EBAE7CBDF}.Debug|iPhoneSimulator.Build.0 = Debug|Any CPU
		{25DD91B0-ACC1-4A12-875E-830EBAE7CBDF}.Debug|iPhoneSimulator.Deploy.0 = Debug|Any CPU
		{25DD91B0-ACC1-4A12-875E-830EBAE7CBDF}.Debug|x64.ActiveCfg = Debug|Any CPU
		{25DD91B0-ACC1-4A12-875E-830EBAE7CBDF}.Debug|x64.Build.0 = Debug|Any CPU
		{25DD91B0-ACC1-4A12-875E-830EBAE7CBDF}.Debug|x64.Deploy.0 = Debug|Any CPU
		{25DD91B0-ACC1-4A12-875E-830EBAE7CBDF}.Debug|x86.ActiveCfg = Debug|Any CPU
		{25DD91B0-ACC1-4A12-875E-830EBAE7CBDF}.Debug|x86.Build.0 = Debug|Any CPU
		{25DD91B0-ACC1-4A12-875E-830EBAE7CBDF}.Debug|x86.Deploy.0 = Debug|Any CPU
		{25DD91B0-ACC1-4A12-875E-830EBAE7CBDF}.Release|Any CPU.ActiveCfg = Release|Any CPU
		{25DD91B0-ACC1-4A12-875E-830EBAE7CBDF}.Release|Any CPU.Build.0 = Release|Any CPU
		{25DD91B0-ACC1-4A12-875E-830EBAE7CBDF}.Release|Any CPU.Deploy.0 = Release|Any CPU
		{25DD91B0-ACC1-4A12-875E-830EBAE7CBDF}.Release|ARM.ActiveCfg = Release|Any CPU
		{25DD91B0-ACC1-4A12-875E-830EBAE7CBDF}.Release|ARM.Build.0 = Release|Any CPU
		{25DD91B0-ACC1-4A12-875E-830EBAE7CBDF}.Release|ARM.Deploy.0 = Release|Any CPU
		{25DD91B0-ACC1-4A12-875E-830EBAE7CBDF}.Release|ARM64.ActiveCfg = Release|Any CPU
		{25DD91B0-ACC1-4A12-875E-830EBAE7CBDF}.Release|ARM64.Build.0 = Release|Any CPU
		{25DD91B0-ACC1-4A12-875E-830EBAE7CBDF}.Release|ARM64.Deploy.0 = Release|Any CPU
		{25DD91B0-ACC1-4A12-875E-830EBAE7CBDF}.Release|iPhone.ActiveCfg = Release|Any CPU
		{25DD91B0-ACC1-4A12-875E-830EBAE7CBDF}.Release|iPhone.Build.0 = Release|Any CPU
		{25DD91B0-ACC1-4A12-875E-830EBAE7CBDF}.Release|iPhone.Deploy.0 = Release|Any CPU
		{25DD91B0-ACC1-4A12-875E-830EBAE7CBDF}.Release|iPhoneSimulator.ActiveCfg = Release|Any CPU
		{25DD91B0-ACC1-4A12-875E-830EBAE7CBDF}.Release|iPhoneSimulator.Build.0 = Release|Any CPU
		{25DD91B0-ACC1-4A12-875E-830EBAE7CBDF}.Release|iPhoneSimulator.Deploy.0 = Release|Any CPU
		{25DD91B0-ACC1-4A12-875E-830EBAE7CBDF}.Release|x64.ActiveCfg = Release|Any CPU
		{25DD91B0-ACC1-4A12-875E-830EBAE7CBDF}.Release|x64.Build.0 = Release|Any CPU
		{25DD91B0-ACC1-4A12-875E-830EBAE7CBDF}.Release|x64.Deploy.0 = Release|Any CPU
		{25DD91B0-ACC1-4A12-875E-830EBAE7CBDF}.Release|x86.ActiveCfg = Release|Any CPU
		{25DD91B0-ACC1-4A12-875E-830EBAE7CBDF}.Release|x86.Build.0 = Release|Any CPU
		{25DD91B0-ACC1-4A12-875E-830EBAE7CBDF}.Release|x86.Deploy.0 = Release|Any CPU
		{25DD91B0-ACC1-4A12-875E-830EBAE7CBDF}.Stage|Any CPU.ActiveCfg = Release|Any CPU
		{25DD91B0-ACC1-4A12-875E-830EBAE7CBDF}.Stage|Any CPU.Build.0 = Release|Any CPU
		{25DD91B0-ACC1-4A12-875E-830EBAE7CBDF}.Stage|Any CPU.Deploy.0 = Release|Any CPU
		{25DD91B0-ACC1-4A12-875E-830EBAE7CBDF}.Stage|ARM.ActiveCfg = Release|Any CPU
		{25DD91B0-ACC1-4A12-875E-830EBAE7CBDF}.Stage|ARM.Build.0 = Release|Any CPU
		{25DD91B0-ACC1-4A12-875E-830EBAE7CBDF}.Stage|ARM.Deploy.0 = Release|Any CPU
		{25DD91B0-ACC1-4A12-875E-830EBAE7CBDF}.Stage|ARM64.ActiveCfg = Release|Any CPU
		{25DD91B0-ACC1-4A12-875E-830EBAE7CBDF}.Stage|ARM64.Build.0 = Release|Any CPU
		{25DD91B0-ACC1-4A12-875E-830EBAE7CBDF}.Stage|ARM64.Deploy.0 = Release|Any CPU
		{25DD91B0-ACC1-4A12-875E-830EBAE7CBDF}.Stage|iPhone.ActiveCfg = Release|Any CPU
		{25DD91B0-ACC1-4A12-875E-830EBAE7CBDF}.Stage|iPhone.Build.0 = Release|Any CPU
		{25DD91B0-ACC1-4A12-875E-830EBAE7CBDF}.Stage|iPhone.Deploy.0 = Release|Any CPU
		{25DD91B0-ACC1-4A12-875E-830EBAE7CBDF}.Stage|iPhoneSimulator.ActiveCfg = Release|Any CPU
		{25DD91B0-ACC1-4A12-875E-830EBAE7CBDF}.Stage|iPhoneSimulator.Build.0 = Release|Any CPU
		{25DD91B0-ACC1-4A12-875E-830EBAE7CBDF}.Stage|iPhoneSimulator.Deploy.0 = Release|Any CPU
		{25DD91B0-ACC1-4A12-875E-830EBAE7CBDF}.Stage|x64.ActiveCfg = Release|Any CPU
		{25DD91B0-ACC1-4A12-875E-830EBAE7CBDF}.Stage|x64.Build.0 = Release|Any CPU
		{25DD91B0-ACC1-4A12-875E-830EBAE7CBDF}.Stage|x64.Deploy.0 = Release|Any CPU
		{25DD91B0-ACC1-4A12-875E-830EBAE7CBDF}.Stage|x86.ActiveCfg = Release|Any CPU
		{25DD91B0-ACC1-4A12-875E-830EBAE7CBDF}.Stage|x86.Build.0 = Release|Any CPU
		{25DD91B0-ACC1-4A12-875E-830EBAE7CBDF}.Stage|x86.Deploy.0 = Release|Any CPU
		{C9177F77-3508-4343-94A1-126AFCECD9A9}.Debug|Any CPU.ActiveCfg = Debug|iPhone
		{C9177F77-3508-4343-94A1-126AFCECD9A9}.Debug|ARM.ActiveCfg = Debug|iPhoneSimulator
		{C9177F77-3508-4343-94A1-126AFCECD9A9}.Debug|ARM64.ActiveCfg = Debug|iPhoneSimulator
		{C9177F77-3508-4343-94A1-126AFCECD9A9}.Debug|iPhone.ActiveCfg = Debug|iPhone
		{C9177F77-3508-4343-94A1-126AFCECD9A9}.Debug|iPhone.Build.0 = Debug|iPhone
		{C9177F77-3508-4343-94A1-126AFCECD9A9}.Debug|iPhoneSimulator.ActiveCfg = Debug|iPhoneSimulator
		{C9177F77-3508-4343-94A1-126AFCECD9A9}.Debug|iPhoneSimulator.Build.0 = Debug|iPhoneSimulator
		{C9177F77-3508-4343-94A1-126AFCECD9A9}.Debug|x64.ActiveCfg = Debug|iPhoneSimulator
		{C9177F77-3508-4343-94A1-126AFCECD9A9}.Debug|x86.ActiveCfg = Debug|iPhoneSimulator
		{C9177F77-3508-4343-94A1-126AFCECD9A9}.Release|Any CPU.ActiveCfg = Release|iPhone
		{C9177F77-3508-4343-94A1-126AFCECD9A9}.Release|ARM.ActiveCfg = Release|iPhoneSimulator
		{C9177F77-3508-4343-94A1-126AFCECD9A9}.Release|ARM64.ActiveCfg = Release|iPhoneSimulator
		{C9177F77-3508-4343-94A1-126AFCECD9A9}.Release|iPhone.ActiveCfg = Release|iPhone
		{C9177F77-3508-4343-94A1-126AFCECD9A9}.Release|iPhone.Build.0 = Release|iPhone
		{C9177F77-3508-4343-94A1-126AFCECD9A9}.Release|iPhoneSimulator.ActiveCfg = Release|iPhoneSimulator
		{C9177F77-3508-4343-94A1-126AFCECD9A9}.Release|iPhoneSimulator.Build.0 = Release|iPhoneSimulator
		{C9177F77-3508-4343-94A1-126AFCECD9A9}.Release|x64.ActiveCfg = Release|iPhoneSimulator
		{C9177F77-3508-4343-94A1-126AFCECD9A9}.Release|x86.ActiveCfg = Release|iPhoneSimulator
		{C9177F77-3508-4343-94A1-126AFCECD9A9}.Stage|Any CPU.ActiveCfg = Release|iPhone
		{C9177F77-3508-4343-94A1-126AFCECD9A9}.Stage|Any CPU.Build.0 = Release|iPhone
		{C9177F77-3508-4343-94A1-126AFCECD9A9}.Stage|ARM.ActiveCfg = Release|iPhoneSimulator
		{C9177F77-3508-4343-94A1-126AFCECD9A9}.Stage|ARM.Build.0 = Release|iPhoneSimulator
		{C9177F77-3508-4343-94A1-126AFCECD9A9}.Stage|ARM.Deploy.0 = Release|iPhoneSimulator
		{C9177F77-3508-4343-94A1-126AFCECD9A9}.Stage|ARM64.ActiveCfg = Release|iPhoneSimulator
		{C9177F77-3508-4343-94A1-126AFCECD9A9}.Stage|ARM64.Build.0 = Release|iPhoneSimulator
		{C9177F77-3508-4343-94A1-126AFCECD9A9}.Stage|ARM64.Deploy.0 = Release|iPhoneSimulator
		{C9177F77-3508-4343-94A1-126AFCECD9A9}.Stage|iPhone.ActiveCfg = Release|iPhone
		{C9177F77-3508-4343-94A1-126AFCECD9A9}.Stage|iPhone.Build.0 = Release|iPhone
		{C9177F77-3508-4343-94A1-126AFCECD9A9}.Stage|iPhoneSimulator.ActiveCfg = Release|iPhoneSimulator
		{C9177F77-3508-4343-94A1-126AFCECD9A9}.Stage|iPhoneSimulator.Build.0 = Release|iPhoneSimulator
		{C9177F77-3508-4343-94A1-126AFCECD9A9}.Stage|x64.ActiveCfg = Release|iPhoneSimulator
		{C9177F77-3508-4343-94A1-126AFCECD9A9}.Stage|x64.Build.0 = Release|iPhoneSimulator
		{C9177F77-3508-4343-94A1-126AFCECD9A9}.Stage|x64.Deploy.0 = Release|iPhoneSimulator
		{C9177F77-3508-4343-94A1-126AFCECD9A9}.Stage|x86.ActiveCfg = Release|iPhoneSimulator
		{C9177F77-3508-4343-94A1-126AFCECD9A9}.Stage|x86.Build.0 = Release|iPhoneSimulator
		{C9177F77-3508-4343-94A1-126AFCECD9A9}.Stage|x86.Deploy.0 = Release|iPhoneSimulator
		{9F962926-B8A4-4DEE-BEC5-0CEEF911ACF4}.Debug|Any CPU.ActiveCfg = Debug|Any CPU
		{9F962926-B8A4-4DEE-BEC5-0CEEF911ACF4}.Debug|Any CPU.Build.0 = Debug|Any CPU
		{9F962926-B8A4-4DEE-BEC5-0CEEF911ACF4}.Debug|ARM.ActiveCfg = Debug|Any CPU
		{9F962926-B8A4-4DEE-BEC5-0CEEF911ACF4}.Debug|ARM.Build.0 = Debug|Any CPU
		{9F962926-B8A4-4DEE-BEC5-0CEEF911ACF4}.Debug|ARM64.ActiveCfg = Debug|Any CPU
		{9F962926-B8A4-4DEE-BEC5-0CEEF911ACF4}.Debug|ARM64.Build.0 = Debug|Any CPU
		{9F962926-B8A4-4DEE-BEC5-0CEEF911ACF4}.Debug|iPhone.ActiveCfg = Debug|Any CPU
		{9F962926-B8A4-4DEE-BEC5-0CEEF911ACF4}.Debug|iPhone.Build.0 = Debug|Any CPU
		{9F962926-B8A4-4DEE-BEC5-0CEEF911ACF4}.Debug|iPhoneSimulator.ActiveCfg = Debug|Any CPU
		{9F962926-B8A4-4DEE-BEC5-0CEEF911ACF4}.Debug|iPhoneSimulator.Build.0 = Debug|Any CPU
		{9F962926-B8A4-4DEE-BEC5-0CEEF911ACF4}.Debug|x64.ActiveCfg = Debug|Any CPU
		{9F962926-B8A4-4DEE-BEC5-0CEEF911ACF4}.Debug|x64.Build.0 = Debug|Any CPU
		{9F962926-B8A4-4DEE-BEC5-0CEEF911ACF4}.Debug|x86.ActiveCfg = Debug|Any CPU
		{9F962926-B8A4-4DEE-BEC5-0CEEF911ACF4}.Debug|x86.Build.0 = Debug|Any CPU
		{9F962926-B8A4-4DEE-BEC5-0CEEF911ACF4}.Release|Any CPU.ActiveCfg = Release|Any CPU
		{9F962926-B8A4-4DEE-BEC5-0CEEF911ACF4}.Release|Any CPU.Build.0 = Release|Any CPU
		{9F962926-B8A4-4DEE-BEC5-0CEEF911ACF4}.Release|ARM.ActiveCfg = Release|Any CPU
		{9F962926-B8A4-4DEE-BEC5-0CEEF911ACF4}.Release|ARM.Build.0 = Release|Any CPU
		{9F962926-B8A4-4DEE-BEC5-0CEEF911ACF4}.Release|ARM64.ActiveCfg = Release|Any CPU
		{9F962926-B8A4-4DEE-BEC5-0CEEF911ACF4}.Release|ARM64.Build.0 = Release|Any CPU
		{9F962926-B8A4-4DEE-BEC5-0CEEF911ACF4}.Release|iPhone.ActiveCfg = Release|Any CPU
		{9F962926-B8A4-4DEE-BEC5-0CEEF911ACF4}.Release|iPhone.Build.0 = Release|Any CPU
		{9F962926-B8A4-4DEE-BEC5-0CEEF911ACF4}.Release|iPhoneSimulator.ActiveCfg = Release|Any CPU
		{9F962926-B8A4-4DEE-BEC5-0CEEF911ACF4}.Release|iPhoneSimulator.Build.0 = Release|Any CPU
		{9F962926-B8A4-4DEE-BEC5-0CEEF911ACF4}.Release|x64.ActiveCfg = Release|Any CPU
		{9F962926-B8A4-4DEE-BEC5-0CEEF911ACF4}.Release|x64.Build.0 = Release|Any CPU
		{9F962926-B8A4-4DEE-BEC5-0CEEF911ACF4}.Release|x86.ActiveCfg = Release|Any CPU
		{9F962926-B8A4-4DEE-BEC5-0CEEF911ACF4}.Release|x86.Build.0 = Release|Any CPU
		{9F962926-B8A4-4DEE-BEC5-0CEEF911ACF4}.Stage|Any CPU.ActiveCfg = Debug|Any CPU
		{9F962926-B8A4-4DEE-BEC5-0CEEF911ACF4}.Stage|Any CPU.Build.0 = Debug|Any CPU
		{9F962926-B8A4-4DEE-BEC5-0CEEF911ACF4}.Stage|ARM.ActiveCfg = Release|Any CPU
		{9F962926-B8A4-4DEE-BEC5-0CEEF911ACF4}.Stage|ARM.Build.0 = Release|Any CPU
		{9F962926-B8A4-4DEE-BEC5-0CEEF911ACF4}.Stage|ARM64.ActiveCfg = Release|Any CPU
		{9F962926-B8A4-4DEE-BEC5-0CEEF911ACF4}.Stage|ARM64.Build.0 = Release|Any CPU
		{9F962926-B8A4-4DEE-BEC5-0CEEF911ACF4}.Stage|iPhone.ActiveCfg = Debug|Any CPU
		{9F962926-B8A4-4DEE-BEC5-0CEEF911ACF4}.Stage|iPhone.Build.0 = Debug|Any CPU
		{9F962926-B8A4-4DEE-BEC5-0CEEF911ACF4}.Stage|iPhoneSimulator.ActiveCfg = Debug|Any CPU
		{9F962926-B8A4-4DEE-BEC5-0CEEF911ACF4}.Stage|iPhoneSimulator.Build.0 = Debug|Any CPU
		{9F962926-B8A4-4DEE-BEC5-0CEEF911ACF4}.Stage|x64.ActiveCfg = Release|Any CPU
		{9F962926-B8A4-4DEE-BEC5-0CEEF911ACF4}.Stage|x64.Build.0 = Release|Any CPU
		{9F962926-B8A4-4DEE-BEC5-0CEEF911ACF4}.Stage|x86.ActiveCfg = Release|Any CPU
		{9F962926-B8A4-4DEE-BEC5-0CEEF911ACF4}.Stage|x86.Build.0 = Release|Any CPU
		{6D1D327C-CD92-45D0-898C-FF94BC169E30}.Debug|Any CPU.ActiveCfg = Debug|x86
		{6D1D327C-CD92-45D0-898C-FF94BC169E30}.Debug|Any CPU.Build.0 = Debug|x86
		{6D1D327C-CD92-45D0-898C-FF94BC169E30}.Debug|Any CPU.Deploy.0 = Debug|x86
		{6D1D327C-CD92-45D0-898C-FF94BC169E30}.Debug|ARM.ActiveCfg = Debug|ARM
		{6D1D327C-CD92-45D0-898C-FF94BC169E30}.Debug|ARM.Build.0 = Debug|ARM
		{6D1D327C-CD92-45D0-898C-FF94BC169E30}.Debug|ARM.Deploy.0 = Debug|ARM
		{6D1D327C-CD92-45D0-898C-FF94BC169E30}.Debug|ARM64.ActiveCfg = Debug|ARM64
		{6D1D327C-CD92-45D0-898C-FF94BC169E30}.Debug|ARM64.Build.0 = Debug|ARM64
		{6D1D327C-CD92-45D0-898C-FF94BC169E30}.Debug|ARM64.Deploy.0 = Debug|ARM64
		{6D1D327C-CD92-45D0-898C-FF94BC169E30}.Debug|iPhone.ActiveCfg = Debug|x86
		{6D1D327C-CD92-45D0-898C-FF94BC169E30}.Debug|iPhoneSimulator.ActiveCfg = Debug|x86
		{6D1D327C-CD92-45D0-898C-FF94BC169E30}.Debug|x64.ActiveCfg = Debug|x64
		{6D1D327C-CD92-45D0-898C-FF94BC169E30}.Debug|x64.Build.0 = Debug|x64
		{6D1D327C-CD92-45D0-898C-FF94BC169E30}.Debug|x64.Deploy.0 = Debug|x64
		{6D1D327C-CD92-45D0-898C-FF94BC169E30}.Debug|x86.ActiveCfg = Debug|x86
		{6D1D327C-CD92-45D0-898C-FF94BC169E30}.Debug|x86.Build.0 = Debug|x86
		{6D1D327C-CD92-45D0-898C-FF94BC169E30}.Debug|x86.Deploy.0 = Debug|x86
		{6D1D327C-CD92-45D0-898C-FF94BC169E30}.Release|Any CPU.ActiveCfg = Release|x86
		{6D1D327C-CD92-45D0-898C-FF94BC169E30}.Release|ARM.ActiveCfg = Release|ARM
		{6D1D327C-CD92-45D0-898C-FF94BC169E30}.Release|ARM.Build.0 = Release|ARM
		{6D1D327C-CD92-45D0-898C-FF94BC169E30}.Release|ARM.Deploy.0 = Release|ARM
		{6D1D327C-CD92-45D0-898C-FF94BC169E30}.Release|ARM64.ActiveCfg = Release|ARM64
		{6D1D327C-CD92-45D0-898C-FF94BC169E30}.Release|ARM64.Build.0 = Release|ARM64
		{6D1D327C-CD92-45D0-898C-FF94BC169E30}.Release|ARM64.Deploy.0 = Release|ARM64
		{6D1D327C-CD92-45D0-898C-FF94BC169E30}.Release|iPhone.ActiveCfg = Release|x86
		{6D1D327C-CD92-45D0-898C-FF94BC169E30}.Release|iPhoneSimulator.ActiveCfg = Release|x86
		{6D1D327C-CD92-45D0-898C-FF94BC169E30}.Release|x64.ActiveCfg = Release|x64
		{6D1D327C-CD92-45D0-898C-FF94BC169E30}.Release|x64.Build.0 = Release|x64
		{6D1D327C-CD92-45D0-898C-FF94BC169E30}.Release|x64.Deploy.0 = Release|x64
		{6D1D327C-CD92-45D0-898C-FF94BC169E30}.Release|x86.ActiveCfg = Release|x86
		{6D1D327C-CD92-45D0-898C-FF94BC169E30}.Release|x86.Build.0 = Release|x86
		{6D1D327C-CD92-45D0-898C-FF94BC169E30}.Release|x86.Deploy.0 = Release|x86
		{6D1D327C-CD92-45D0-898C-FF94BC169E30}.Stage|Any CPU.ActiveCfg = Release|x64
		{6D1D327C-CD92-45D0-898C-FF94BC169E30}.Stage|Any CPU.Build.0 = Release|x64
		{6D1D327C-CD92-45D0-898C-FF94BC169E30}.Stage|Any CPU.Deploy.0 = Release|x64
		{6D1D327C-CD92-45D0-898C-FF94BC169E30}.Stage|ARM.ActiveCfg = Release|ARM
		{6D1D327C-CD92-45D0-898C-FF94BC169E30}.Stage|ARM.Build.0 = Release|ARM
		{6D1D327C-CD92-45D0-898C-FF94BC169E30}.Stage|ARM.Deploy.0 = Release|ARM
		{6D1D327C-CD92-45D0-898C-FF94BC169E30}.Stage|ARM64.ActiveCfg = Release|ARM64
		{6D1D327C-CD92-45D0-898C-FF94BC169E30}.Stage|ARM64.Build.0 = Release|ARM64
		{6D1D327C-CD92-45D0-898C-FF94BC169E30}.Stage|ARM64.Deploy.0 = Release|ARM64
		{6D1D327C-CD92-45D0-898C-FF94BC169E30}.Stage|iPhone.ActiveCfg = Release|x64
		{6D1D327C-CD92-45D0-898C-FF94BC169E30}.Stage|iPhone.Build.0 = Release|x64
		{6D1D327C-CD92-45D0-898C-FF94BC169E30}.Stage|iPhone.Deploy.0 = Release|x64
		{6D1D327C-CD92-45D0-898C-FF94BC169E30}.Stage|iPhoneSimulator.ActiveCfg = Release|x64
		{6D1D327C-CD92-45D0-898C-FF94BC169E30}.Stage|iPhoneSimulator.Build.0 = Release|x64
		{6D1D327C-CD92-45D0-898C-FF94BC169E30}.Stage|iPhoneSimulator.Deploy.0 = Release|x64
		{6D1D327C-CD92-45D0-898C-FF94BC169E30}.Stage|x64.ActiveCfg = Release|x64
		{6D1D327C-CD92-45D0-898C-FF94BC169E30}.Stage|x64.Build.0 = Release|x64
		{6D1D327C-CD92-45D0-898C-FF94BC169E30}.Stage|x64.Deploy.0 = Release|x64
		{6D1D327C-CD92-45D0-898C-FF94BC169E30}.Stage|x86.ActiveCfg = Release|x86
		{6D1D327C-CD92-45D0-898C-FF94BC169E30}.Stage|x86.Build.0 = Release|x86
		{6D1D327C-CD92-45D0-898C-FF94BC169E30}.Stage|x86.Deploy.0 = Release|x86
		{CA19B30C-A873-4BB5-8FEF-6280C8D9C758}.Debug|Any CPU.ActiveCfg = Debug|Any CPU
		{CA19B30C-A873-4BB5-8FEF-6280C8D9C758}.Debug|Any CPU.Build.0 = Debug|Any CPU
		{CA19B30C-A873-4BB5-8FEF-6280C8D9C758}.Debug|ARM.ActiveCfg = Debug|Any CPU
		{CA19B30C-A873-4BB5-8FEF-6280C8D9C758}.Debug|ARM.Build.0 = Debug|Any CPU
		{CA19B30C-A873-4BB5-8FEF-6280C8D9C758}.Debug|ARM64.ActiveCfg = Debug|Any CPU
		{CA19B30C-A873-4BB5-8FEF-6280C8D9C758}.Debug|ARM64.Build.0 = Debug|Any CPU
		{CA19B30C-A873-4BB5-8FEF-6280C8D9C758}.Debug|iPhone.ActiveCfg = Debug|Any CPU
		{CA19B30C-A873-4BB5-8FEF-6280C8D9C758}.Debug|iPhone.Build.0 = Debug|Any CPU
		{CA19B30C-A873-4BB5-8FEF-6280C8D9C758}.Debug|iPhoneSimulator.ActiveCfg = Debug|Any CPU
		{CA19B30C-A873-4BB5-8FEF-6280C8D9C758}.Debug|iPhoneSimulator.Build.0 = Debug|Any CPU
		{CA19B30C-A873-4BB5-8FEF-6280C8D9C758}.Debug|x64.ActiveCfg = Debug|Any CPU
		{CA19B30C-A873-4BB5-8FEF-6280C8D9C758}.Debug|x64.Build.0 = Debug|Any CPU
		{CA19B30C-A873-4BB5-8FEF-6280C8D9C758}.Debug|x86.ActiveCfg = Debug|Any CPU
		{CA19B30C-A873-4BB5-8FEF-6280C8D9C758}.Debug|x86.Build.0 = Debug|Any CPU
		{CA19B30C-A873-4BB5-8FEF-6280C8D9C758}.Release|Any CPU.ActiveCfg = Release|Any CPU
		{CA19B30C-A873-4BB5-8FEF-6280C8D9C758}.Release|Any CPU.Build.0 = Release|Any CPU
		{CA19B30C-A873-4BB5-8FEF-6280C8D9C758}.Release|ARM.ActiveCfg = Release|Any CPU
		{CA19B30C-A873-4BB5-8FEF-6280C8D9C758}.Release|ARM.Build.0 = Release|Any CPU
		{CA19B30C-A873-4BB5-8FEF-6280C8D9C758}.Release|ARM64.ActiveCfg = Release|Any CPU
		{CA19B30C-A873-4BB5-8FEF-6280C8D9C758}.Release|ARM64.Build.0 = Release|Any CPU
		{CA19B30C-A873-4BB5-8FEF-6280C8D9C758}.Release|iPhone.ActiveCfg = Release|Any CPU
		{CA19B30C-A873-4BB5-8FEF-6280C8D9C758}.Release|iPhone.Build.0 = Release|Any CPU
		{CA19B30C-A873-4BB5-8FEF-6280C8D9C758}.Release|iPhoneSimulator.ActiveCfg = Release|Any CPU
		{CA19B30C-A873-4BB5-8FEF-6280C8D9C758}.Release|iPhoneSimulator.Build.0 = Release|Any CPU
		{CA19B30C-A873-4BB5-8FEF-6280C8D9C758}.Release|x64.ActiveCfg = Release|Any CPU
		{CA19B30C-A873-4BB5-8FEF-6280C8D9C758}.Release|x64.Build.0 = Release|Any CPU
		{CA19B30C-A873-4BB5-8FEF-6280C8D9C758}.Release|x86.ActiveCfg = Release|Any CPU
		{CA19B30C-A873-4BB5-8FEF-6280C8D9C758}.Release|x86.Build.0 = Release|Any CPU
		{CA19B30C-A873-4BB5-8FEF-6280C8D9C758}.Stage|Any CPU.ActiveCfg = Debug|Any CPU
		{CA19B30C-A873-4BB5-8FEF-6280C8D9C758}.Stage|Any CPU.Build.0 = Debug|Any CPU
		{CA19B30C-A873-4BB5-8FEF-6280C8D9C758}.Stage|ARM.ActiveCfg = Debug|Any CPU
		{CA19B30C-A873-4BB5-8FEF-6280C8D9C758}.Stage|ARM.Build.0 = Debug|Any CPU
		{CA19B30C-A873-4BB5-8FEF-6280C8D9C758}.Stage|ARM64.ActiveCfg = Debug|Any CPU
		{CA19B30C-A873-4BB5-8FEF-6280C8D9C758}.Stage|ARM64.Build.0 = Debug|Any CPU
		{CA19B30C-A873-4BB5-8FEF-6280C8D9C758}.Stage|iPhone.ActiveCfg = Debug|Any CPU
		{CA19B30C-A873-4BB5-8FEF-6280C8D9C758}.Stage|iPhone.Build.0 = Debug|Any CPU
		{CA19B30C-A873-4BB5-8FEF-6280C8D9C758}.Stage|iPhoneSimulator.ActiveCfg = Debug|Any CPU
		{CA19B30C-A873-4BB5-8FEF-6280C8D9C758}.Stage|iPhoneSimulator.Build.0 = Debug|Any CPU
		{CA19B30C-A873-4BB5-8FEF-6280C8D9C758}.Stage|x64.ActiveCfg = Debug|Any CPU
		{CA19B30C-A873-4BB5-8FEF-6280C8D9C758}.Stage|x64.Build.0 = Debug|Any CPU
		{CA19B30C-A873-4BB5-8FEF-6280C8D9C758}.Stage|x86.ActiveCfg = Debug|Any CPU
		{CA19B30C-A873-4BB5-8FEF-6280C8D9C758}.Stage|x86.Build.0 = Debug|Any CPU
		{A019A4C9-57D8-4CAD-AAD3-949E1039628D}.Debug|Any CPU.ActiveCfg = Debug|Any CPU
		{A019A4C9-57D8-4CAD-AAD3-949E1039628D}.Debug|Any CPU.Build.0 = Debug|Any CPU
		{A019A4C9-57D8-4CAD-AAD3-949E1039628D}.Debug|ARM.ActiveCfg = Debug|Any CPU
		{A019A4C9-57D8-4CAD-AAD3-949E1039628D}.Debug|ARM.Build.0 = Debug|Any CPU
		{A019A4C9-57D8-4CAD-AAD3-949E1039628D}.Debug|ARM64.ActiveCfg = Debug|Any CPU
		{A019A4C9-57D8-4CAD-AAD3-949E1039628D}.Debug|ARM64.Build.0 = Debug|Any CPU
		{A019A4C9-57D8-4CAD-AAD3-949E1039628D}.Debug|iPhone.ActiveCfg = Debug|Any CPU
		{A019A4C9-57D8-4CAD-AAD3-949E1039628D}.Debug|iPhone.Build.0 = Debug|Any CPU
		{A019A4C9-57D8-4CAD-AAD3-949E1039628D}.Debug|iPhoneSimulator.ActiveCfg = Debug|Any CPU
		{A019A4C9-57D8-4CAD-AAD3-949E1039628D}.Debug|iPhoneSimulator.Build.0 = Debug|Any CPU
		{A019A4C9-57D8-4CAD-AAD3-949E1039628D}.Debug|x64.ActiveCfg = Debug|Any CPU
		{A019A4C9-57D8-4CAD-AAD3-949E1039628D}.Debug|x64.Build.0 = Debug|Any CPU
		{A019A4C9-57D8-4CAD-AAD3-949E1039628D}.Debug|x86.ActiveCfg = Debug|Any CPU
		{A019A4C9-57D8-4CAD-AAD3-949E1039628D}.Debug|x86.Build.0 = Debug|Any CPU
		{A019A4C9-57D8-4CAD-AAD3-949E1039628D}.Release|Any CPU.ActiveCfg = Release|Any CPU
		{A019A4C9-57D8-4CAD-AAD3-949E1039628D}.Release|Any CPU.Build.0 = Release|Any CPU
		{A019A4C9-57D8-4CAD-AAD3-949E1039628D}.Release|ARM.ActiveCfg = Release|Any CPU
		{A019A4C9-57D8-4CAD-AAD3-949E1039628D}.Release|ARM.Build.0 = Release|Any CPU
		{A019A4C9-57D8-4CAD-AAD3-949E1039628D}.Release|ARM64.ActiveCfg = Release|Any CPU
		{A019A4C9-57D8-4CAD-AAD3-949E1039628D}.Release|ARM64.Build.0 = Release|Any CPU
		{A019A4C9-57D8-4CAD-AAD3-949E1039628D}.Release|iPhone.ActiveCfg = Release|Any CPU
		{A019A4C9-57D8-4CAD-AAD3-949E1039628D}.Release|iPhone.Build.0 = Release|Any CPU
		{A019A4C9-57D8-4CAD-AAD3-949E1039628D}.Release|iPhoneSimulator.ActiveCfg = Release|Any CPU
		{A019A4C9-57D8-4CAD-AAD3-949E1039628D}.Release|iPhoneSimulator.Build.0 = Release|Any CPU
		{A019A4C9-57D8-4CAD-AAD3-949E1039628D}.Release|x64.ActiveCfg = Release|Any CPU
		{A019A4C9-57D8-4CAD-AAD3-949E1039628D}.Release|x64.Build.0 = Release|Any CPU
		{A019A4C9-57D8-4CAD-AAD3-949E1039628D}.Release|x86.ActiveCfg = Release|Any CPU
		{A019A4C9-57D8-4CAD-AAD3-949E1039628D}.Release|x86.Build.0 = Release|Any CPU
		{A019A4C9-57D8-4CAD-AAD3-949E1039628D}.Stage|Any CPU.ActiveCfg = Debug|Any CPU
		{A019A4C9-57D8-4CAD-AAD3-949E1039628D}.Stage|Any CPU.Build.0 = Debug|Any CPU
		{A019A4C9-57D8-4CAD-AAD3-949E1039628D}.Stage|ARM.ActiveCfg = Debug|Any CPU
		{A019A4C9-57D8-4CAD-AAD3-949E1039628D}.Stage|ARM.Build.0 = Debug|Any CPU
		{A019A4C9-57D8-4CAD-AAD3-949E1039628D}.Stage|ARM64.ActiveCfg = Debug|Any CPU
		{A019A4C9-57D8-4CAD-AAD3-949E1039628D}.Stage|ARM64.Build.0 = Debug|Any CPU
		{A019A4C9-57D8-4CAD-AAD3-949E1039628D}.Stage|iPhone.ActiveCfg = Debug|Any CPU
		{A019A4C9-57D8-4CAD-AAD3-949E1039628D}.Stage|iPhone.Build.0 = Debug|Any CPU
		{A019A4C9-57D8-4CAD-AAD3-949E1039628D}.Stage|iPhoneSimulator.ActiveCfg = Debug|Any CPU
		{A019A4C9-57D8-4CAD-AAD3-949E1039628D}.Stage|iPhoneSimulator.Build.0 = Debug|Any CPU
		{A019A4C9-57D8-4CAD-AAD3-949E1039628D}.Stage|x64.ActiveCfg = Debug|Any CPU
		{A019A4C9-57D8-4CAD-AAD3-949E1039628D}.Stage|x64.Build.0 = Debug|Any CPU
		{A019A4C9-57D8-4CAD-AAD3-949E1039628D}.Stage|x86.ActiveCfg = Debug|Any CPU
		{A019A4C9-57D8-4CAD-AAD3-949E1039628D}.Stage|x86.Build.0 = Debug|Any CPU
	EndGlobalSection
	GlobalSection(SolutionProperties) = preSolution
		HideSolutionNode = FALSE
	EndGlobalSection
	GlobalSection(ExtensibilityGlobals) = postSolution
		SolutionGuid = {22B33493-46EB-4BD3-8C0A-BF6B2538B551}
	EndGlobalSection
EndGlobal
