
Microsoft Visual Studio Solution File, Format Version 12.00
# Visual Studio Version 16
VisualStudioVersion = 16.0.29102.190
MinimumVisualStudioVersion = 10.0.40219.1
Project("{9A19103F-16F7-4668-BE54-9A1E7A4F7556}") = "WhereAreYou.MeetApi", "WhereAreYou.MeetApi\WhereAreYou.MeetApi.csproj", "{CC93D904-2940-4CE8-B2DE-A68097DF8861}"
	ProjectSection(ProjectDependencies) = postProject
		{C6942A06-FE47-456A-98F5-F98B013726F6} = {C6942A06-FE47-456A-98F5-F98B013726F6}
	EndProjectSection
EndProject
Project("{9A19103F-16F7-4668-BE54-9A1E7A4F7556}") = "WhereAreYou.Sso", "WhereAreYou.Sso\WhereAreYou.Sso.csproj", "{E44BAE7D-9D0D-4D88-8C4A-F9AF4F7A8D94}"
	ProjectSection(ProjectDependencies) = postProject
		{C6942A06-FE47-456A-98F5-F98B013726F6} = {C6942A06-FE47-456A-98F5-F98B013726F6}
	EndProjectSection
EndProject
Project("{9A19103F-16F7-4668-BE54-9A1E7A4F7556}") = "WhereAreYou.Data", "WhereAreYou.Data\WhereAreYou.Data.csproj", "{0A590A30-421A-4860-B198-74E3CBC3B472}"
EndProject
Project("{9A19103F-16F7-4668-BE54-9A1E7A4F7556}") = "WhereAreYou.Data.Test", "WhereAreYou.Data.Test\WhereAreYou.Data.Test.csproj", "{4AFBBE63-8C09-4BB3-99A8-066FBB247161}"
	ProjectSection(ProjectDependencies) = postProject
		{C6942A06-FE47-456A-98F5-F98B013726F6} = {C6942A06-FE47-456A-98F5-F98B013726F6}
	EndProjectSection
EndProject
Project("{9A19103F-16F7-4668-BE54-9A1E7A4F7556}") = "WhereAreYou.Core.UnitTests", "WhereAreYou.Core.UnitTests\WhereAreYou.Core.UnitTests.csproj", "{66140654-584E-4D7D-B87E-A6FC63BECEF1}"
EndProject
Project("{9A19103F-16F7-4668-BE54-9A1E7A4F7556}") = "WhereAreYou.Core", "WhereAreYou.Core\WhereAreYou.Core.csproj", "{C6942A06-FE47-456A-98F5-F98B013726F6}"
EndProject
Project("{9A19103F-16F7-4668-BE54-9A1E7A4F7556}") = "WhereAreYou.Web", "WhereAreYou.Web\WhereAreYou.Web.csproj", "{6FFEC5E5-8D81-4098-9C48-07D265ABA2BF}"
EndProject
Project("{FAE04EC0-301F-11D3-BF4B-00C04F79EFBC}") = "WhereAreYou.Xamarin.Forms.UWP", "WhereAreYou.Xamarin.Forms\WhereAreYou.Xamarin.Forms.UWP\WhereAreYou.Xamarin.Forms.UWP.csproj", "{93783D47-74C6-44E2-9F1F-C08B5736723B}"
EndProject
Project("{FAE04EC0-301F-11D3-BF4B-00C04F79EFBC}") = "WhereAreYou.Xamarin.Forms.Android", "WhereAreYou.Xamarin.Forms\WhereAreYou.Xamarin.Forms.Android\WhereAreYou.Xamarin.Forms.Android.csproj", "{7AB2D865-1627-4E16-B49E-579966F1A7A8}"
EndProject
Project("{FAE04EC0-301F-11D3-BF4B-00C04F79EFBC}") = "WhereAreYou.Xamarin.Forms.iOS", "WhereAreYou.Xamarin.Forms\WhereAreYou.Xamarin.Forms.iOS\WhereAreYou.Xamarin.Forms.iOS.csproj", "{7C5A98D4-1B3A-4522-A5B4-5027ED1103F5}"
EndProject
Project("{FAE04EC0-301F-11D3-BF4B-00C04F79EFBC}") = "WhereAreYou.Xamarin.Forms", "WhereAreYou.Xamarin.Forms\WhereAreYou.Xamarin.Forms\WhereAreYou.Xamarin.Forms.csproj", "{C9C98BA1-E6F6-4446-AFA8-5069DE0DCB13}"
EndProject
Global
	GlobalSection(SolutionConfigurationPlatforms) = preSolution
		Debug|Any CPU = Debug|Any CPU
		Debug|ARM = Debug|ARM
		Debug|iPhone = Debug|iPhone
		Debug|iPhoneSimulator = Debug|iPhoneSimulator
		Debug|x64 = Debug|x64
		Debug|x86 = Debug|x86
		Release|Any CPU = Release|Any CPU
		Release|ARM = Release|ARM
		Release|iPhone = Release|iPhone
		Release|iPhoneSimulator = Release|iPhoneSimulator
		Release|x64 = Release|x64
		Release|x86 = Release|x86
		Stage|Any CPU = Stage|Any CPU
		Stage|ARM = Stage|ARM
		Stage|iPhone = Stage|iPhone
		Stage|iPhoneSimulator = Stage|iPhoneSimulator
		Stage|x64 = Stage|x64
		Stage|x86 = Stage|x86
	EndGlobalSection
	GlobalSection(ProjectConfigurationPlatforms) = postSolution
		{CC93D904-2940-4CE8-B2DE-A68097DF8861}.Debug|Any CPU.ActiveCfg = Debug|Any CPU
		{CC93D904-2940-4CE8-B2DE-A68097DF8861}.Debug|Any CPU.Build.0 = Debug|Any CPU
		{CC93D904-2940-4CE8-B2DE-A68097DF8861}.Debug|ARM.ActiveCfg = Debug|Any CPU
		{CC93D904-2940-4CE8-B2DE-A68097DF8861}.Debug|ARM.Build.0 = Debug|Any CPU
		{CC93D904-2940-4CE8-B2DE-A68097DF8861}.Debug|iPhone.ActiveCfg = Debug|Any CPU
		{CC93D904-2940-4CE8-B2DE-A68097DF8861}.Debug|iPhone.Build.0 = Debug|Any CPU
		{CC93D904-2940-4CE8-B2DE-A68097DF8861}.Debug|iPhoneSimulator.ActiveCfg = Debug|Any CPU
		{CC93D904-2940-4CE8-B2DE-A68097DF8861}.Debug|iPhoneSimulator.Build.0 = Debug|Any CPU
		{CC93D904-2940-4CE8-B2DE-A68097DF8861}.Debug|x64.ActiveCfg = Debug|Any CPU
		{CC93D904-2940-4CE8-B2DE-A68097DF8861}.Debug|x64.Build.0 = Debug|Any CPU
		{CC93D904-2940-4CE8-B2DE-A68097DF8861}.Debug|x86.ActiveCfg = Debug|Any CPU
		{CC93D904-2940-4CE8-B2DE-A68097DF8861}.Debug|x86.Build.0 = Debug|Any CPU
		{CC93D904-2940-4CE8-B2DE-A68097DF8861}.Release|Any CPU.ActiveCfg = Release|Any CPU
		{CC93D904-2940-4CE8-B2DE-A68097DF8861}.Release|Any CPU.Build.0 = Release|Any CPU
		{CC93D904-2940-4CE8-B2DE-A68097DF8861}.Release|ARM.ActiveCfg = Release|Any CPU
		{CC93D904-2940-4CE8-B2DE-A68097DF8861}.Release|ARM.Build.0 = Release|Any CPU
		{CC93D904-2940-4CE8-B2DE-A68097DF8861}.Release|iPhone.ActiveCfg = Release|Any CPU
		{CC93D904-2940-4CE8-B2DE-A68097DF8861}.Release|iPhone.Build.0 = Release|Any CPU
		{CC93D904-2940-4CE8-B2DE-A68097DF8861}.Release|iPhoneSimulator.ActiveCfg = Release|Any CPU
		{CC93D904-2940-4CE8-B2DE-A68097DF8861}.Release|iPhoneSimulator.Build.0 = Release|Any CPU
		{CC93D904-2940-4CE8-B2DE-A68097DF8861}.Release|x64.ActiveCfg = Release|Any CPU
		{CC93D904-2940-4CE8-B2DE-A68097DF8861}.Release|x64.Build.0 = Release|Any CPU
		{CC93D904-2940-4CE8-B2DE-A68097DF8861}.Release|x86.ActiveCfg = Release|Any CPU
		{CC93D904-2940-4CE8-B2DE-A68097DF8861}.Release|x86.Build.0 = Release|Any CPU
		{CC93D904-2940-4CE8-B2DE-A68097DF8861}.Stage|Any CPU.ActiveCfg = Release|Any CPU
		{CC93D904-2940-4CE8-B2DE-A68097DF8861}.Stage|Any CPU.Build.0 = Release|Any CPU
		{CC93D904-2940-4CE8-B2DE-A68097DF8861}.Stage|ARM.ActiveCfg = Release|Any CPU
		{CC93D904-2940-4CE8-B2DE-A68097DF8861}.Stage|ARM.Build.0 = Release|Any CPU
		{CC93D904-2940-4CE8-B2DE-A68097DF8861}.Stage|iPhone.ActiveCfg = Release|Any CPU
		{CC93D904-2940-4CE8-B2DE-A68097DF8861}.Stage|iPhone.Build.0 = Release|Any CPU
		{CC93D904-2940-4CE8-B2DE-A68097DF8861}.Stage|iPhoneSimulator.ActiveCfg = Release|Any CPU
		{CC93D904-2940-4CE8-B2DE-A68097DF8861}.Stage|iPhoneSimulator.Build.0 = Release|Any CPU
		{CC93D904-2940-4CE8-B2DE-A68097DF8861}.Stage|x64.ActiveCfg = Release|Any CPU
		{CC93D904-2940-4CE8-B2DE-A68097DF8861}.Stage|x64.Build.0 = Release|Any CPU
		{CC93D904-2940-4CE8-B2DE-A68097DF8861}.Stage|x86.ActiveCfg = Release|Any CPU
		{CC93D904-2940-4CE8-B2DE-A68097DF8861}.Stage|x86.Build.0 = Release|Any CPU
		{E44BAE7D-9D0D-4D88-8C4A-F9AF4F7A8D94}.Debug|Any CPU.ActiveCfg = Debug|Any CPU
		{E44BAE7D-9D0D-4D88-8C4A-F9AF4F7A8D94}.Debug|Any CPU.Build.0 = Debug|Any CPU
		{E44BAE7D-9D0D-4D88-8C4A-F9AF4F7A8D94}.Debug|ARM.ActiveCfg = Debug|Any CPU
		{E44BAE7D-9D0D-4D88-8C4A-F9AF4F7A8D94}.Debug|ARM.Build.0 = Debug|Any CPU
		{E44BAE7D-9D0D-4D88-8C4A-F9AF4F7A8D94}.Debug|iPhone.ActiveCfg = Debug|Any CPU
		{E44BAE7D-9D0D-4D88-8C4A-F9AF4F7A8D94}.Debug|iPhone.Build.0 = Debug|Any CPU
		{E44BAE7D-9D0D-4D88-8C4A-F9AF4F7A8D94}.Debug|iPhoneSimulator.ActiveCfg = Debug|Any CPU
		{E44BAE7D-9D0D-4D88-8C4A-F9AF4F7A8D94}.Debug|iPhoneSimulator.Build.0 = Debug|Any CPU
		{E44BAE7D-9D0D-4D88-8C4A-F9AF4F7A8D94}.Debug|x64.ActiveCfg = Debug|Any CPU
		{E44BAE7D-9D0D-4D88-8C4A-F9AF4F7A8D94}.Debug|x64.Build.0 = Debug|Any CPU
		{E44BAE7D-9D0D-4D88-8C4A-F9AF4F7A8D94}.Debug|x86.ActiveCfg = Debug|Any CPU
		{E44BAE7D-9D0D-4D88-8C4A-F9AF4F7A8D94}.Debug|x86.Build.0 = Debug|Any CPU
		{E44BAE7D-9D0D-4D88-8C4A-F9AF4F7A8D94}.Release|Any CPU.ActiveCfg = Release|Any CPU
		{E44BAE7D-9D0D-4D88-8C4A-F9AF4F7A8D94}.Release|Any CPU.Build.0 = Release|Any CPU
		{E44BAE7D-9D0D-4D88-8C4A-F9AF4F7A8D94}.Release|ARM.ActiveCfg = Release|Any CPU
		{E44BAE7D-9D0D-4D88-8C4A-F9AF4F7A8D94}.Release|ARM.Build.0 = Release|Any CPU
		{E44BAE7D-9D0D-4D88-8C4A-F9AF4F7A8D94}.Release|iPhone.ActiveCfg = Release|Any CPU
		{E44BAE7D-9D0D-4D88-8C4A-F9AF4F7A8D94}.Release|iPhone.Build.0 = Release|Any CPU
		{E44BAE7D-9D0D-4D88-8C4A-F9AF4F7A8D94}.Release|iPhoneSimulator.ActiveCfg = Release|Any CPU
		{E44BAE7D-9D0D-4D88-8C4A-F9AF4F7A8D94}.Release|iPhoneSimulator.Build.0 = Release|Any CPU
		{E44BAE7D-9D0D-4D88-8C4A-F9AF4F7A8D94}.Release|x64.ActiveCfg = Release|Any CPU
		{E44BAE7D-9D0D-4D88-8C4A-F9AF4F7A8D94}.Release|x64.Build.0 = Release|Any CPU
		{E44BAE7D-9D0D-4D88-8C4A-F9AF4F7A8D94}.Release|x86.ActiveCfg = Release|Any CPU
		{E44BAE7D-9D0D-4D88-8C4A-F9AF4F7A8D94}.Release|x86.Build.0 = Release|Any CPU
		{E44BAE7D-9D0D-4D88-8C4A-F9AF4F7A8D94}.Stage|Any CPU.ActiveCfg = Release|Any CPU
		{E44BAE7D-9D0D-4D88-8C4A-F9AF4F7A8D94}.Stage|Any CPU.Build.0 = Release|Any CPU
		{E44BAE7D-9D0D-4D88-8C4A-F9AF4F7A8D94}.Stage|ARM.ActiveCfg = Release|Any CPU
		{E44BAE7D-9D0D-4D88-8C4A-F9AF4F7A8D94}.Stage|ARM.Build.0 = Release|Any CPU
		{E44BAE7D-9D0D-4D88-8C4A-F9AF4F7A8D94}.Stage|iPhone.ActiveCfg = Release|Any CPU
		{E44BAE7D-9D0D-4D88-8C4A-F9AF4F7A8D94}.Stage|iPhone.Build.0 = Release|Any CPU
		{E44BAE7D-9D0D-4D88-8C4A-F9AF4F7A8D94}.Stage|iPhoneSimulator.ActiveCfg = Release|Any CPU
		{E44BAE7D-9D0D-4D88-8C4A-F9AF4F7A8D94}.Stage|iPhoneSimulator.Build.0 = Release|Any CPU
		{E44BAE7D-9D0D-4D88-8C4A-F9AF4F7A8D94}.Stage|x64.ActiveCfg = Release|Any CPU
		{E44BAE7D-9D0D-4D88-8C4A-F9AF4F7A8D94}.Stage|x64.Build.0 = Release|Any CPU
		{E44BAE7D-9D0D-4D88-8C4A-F9AF4F7A8D94}.Stage|x86.ActiveCfg = Release|Any CPU
		{E44BAE7D-9D0D-4D88-8C4A-F9AF4F7A8D94}.Stage|x86.Build.0 = Release|Any CPU
		{0A590A30-421A-4860-B198-74E3CBC3B472}.Debug|Any CPU.ActiveCfg = Debug|Any CPU
		{0A590A30-421A-4860-B198-74E3CBC3B472}.Debug|Any CPU.Build.0 = Debug|Any CPU
		{0A590A30-421A-4860-B198-74E3CBC3B472}.Debug|ARM.ActiveCfg = Debug|Any CPU
		{0A590A30-421A-4860-B198-74E3CBC3B472}.Debug|ARM.Build.0 = Debug|Any CPU
		{0A590A30-421A-4860-B198-74E3CBC3B472}.Debug|iPhone.ActiveCfg = Debug|Any CPU
		{0A590A30-421A-4860-B198-74E3CBC3B472}.Debug|iPhone.Build.0 = Debug|Any CPU
		{0A590A30-421A-4860-B198-74E3CBC3B472}.Debug|iPhoneSimulator.ActiveCfg = Debug|Any CPU
		{0A590A30-421A-4860-B198-74E3CBC3B472}.Debug|iPhoneSimulator.Build.0 = Debug|Any CPU
		{0A590A30-421A-4860-B198-74E3CBC3B472}.Debug|x64.ActiveCfg = Debug|Any CPU
		{0A590A30-421A-4860-B198-74E3CBC3B472}.Debug|x64.Build.0 = Debug|Any CPU
		{0A590A30-421A-4860-B198-74E3CBC3B472}.Debug|x86.ActiveCfg = Debug|Any CPU
		{0A590A30-421A-4860-B198-74E3CBC3B472}.Debug|x86.Build.0 = Debug|Any CPU
		{0A590A30-421A-4860-B198-74E3CBC3B472}.Release|Any CPU.ActiveCfg = Release|Any CPU
		{0A590A30-421A-4860-B198-74E3CBC3B472}.Release|Any CPU.Build.0 = Release|Any CPU
		{0A590A30-421A-4860-B198-74E3CBC3B472}.Release|ARM.ActiveCfg = Release|Any CPU
		{0A590A30-421A-4860-B198-74E3CBC3B472}.Release|ARM.Build.0 = Release|Any CPU
		{0A590A30-421A-4860-B198-74E3CBC3B472}.Release|iPhone.ActiveCfg = Release|Any CPU
		{0A590A30-421A-4860-B198-74E3CBC3B472}.Release|iPhone.Build.0 = Release|Any CPU
		{0A590A30-421A-4860-B198-74E3CBC3B472}.Release|iPhoneSimulator.ActiveCfg = Release|Any CPU
		{0A590A30-421A-4860-B198-74E3CBC3B472}.Release|iPhoneSimulator.Build.0 = Release|Any CPU
		{0A590A30-421A-4860-B198-74E3CBC3B472}.Release|x64.ActiveCfg = Release|Any CPU
		{0A590A30-421A-4860-B198-74E3CBC3B472}.Release|x64.Build.0 = Release|Any CPU
		{0A590A30-421A-4860-B198-74E3CBC3B472}.Release|x86.ActiveCfg = Release|Any CPU
		{0A590A30-421A-4860-B198-74E3CBC3B472}.Release|x86.Build.0 = Release|Any CPU
		{0A590A30-421A-4860-B198-74E3CBC3B472}.Stage|Any CPU.ActiveCfg = Release|Any CPU
		{0A590A30-421A-4860-B198-74E3CBC3B472}.Stage|Any CPU.Build.0 = Release|Any CPU
		{0A590A30-421A-4860-B198-74E3CBC3B472}.Stage|ARM.ActiveCfg = Release|Any CPU
		{0A590A30-421A-4860-B198-74E3CBC3B472}.Stage|ARM.Build.0 = Release|Any CPU
		{0A590A30-421A-4860-B198-74E3CBC3B472}.Stage|iPhone.ActiveCfg = Release|Any CPU
		{0A590A30-421A-4860-B198-74E3CBC3B472}.Stage|iPhone.Build.0 = Release|Any CPU
		{0A590A30-421A-4860-B198-74E3CBC3B472}.Stage|iPhoneSimulator.ActiveCfg = Release|Any CPU
		{0A590A30-421A-4860-B198-74E3CBC3B472}.Stage|iPhoneSimulator.Build.0 = Release|Any CPU
		{0A590A30-421A-4860-B198-74E3CBC3B472}.Stage|x64.ActiveCfg = Release|Any CPU
		{0A590A30-421A-4860-B198-74E3CBC3B472}.Stage|x64.Build.0 = Release|Any CPU
		{0A590A30-421A-4860-B198-74E3CBC3B472}.Stage|x86.ActiveCfg = Release|Any CPU
		{0A590A30-421A-4860-B198-74E3CBC3B472}.Stage|x86.Build.0 = Release|Any CPU
		{4AFBBE63-8C09-4BB3-99A8-066FBB247161}.Debug|Any CPU.ActiveCfg = Debug|Any CPU
		{4AFBBE63-8C09-4BB3-99A8-066FBB247161}.Debug|Any CPU.Build.0 = Debug|Any CPU
		{4AFBBE63-8C09-4BB3-99A8-066FBB247161}.Debug|ARM.ActiveCfg = Debug|Any CPU
		{4AFBBE63-8C09-4BB3-99A8-066FBB247161}.Debug|ARM.Build.0 = Debug|Any CPU
		{4AFBBE63-8C09-4BB3-99A8-066FBB247161}.Debug|iPhone.ActiveCfg = Debug|Any CPU
		{4AFBBE63-8C09-4BB3-99A8-066FBB247161}.Debug|iPhone.Build.0 = Debug|Any CPU
		{4AFBBE63-8C09-4BB3-99A8-066FBB247161}.Debug|iPhoneSimulator.ActiveCfg = Debug|Any CPU
		{4AFBBE63-8C09-4BB3-99A8-066FBB247161}.Debug|iPhoneSimulator.Build.0 = Debug|Any CPU
		{4AFBBE63-8C09-4BB3-99A8-066FBB247161}.Debug|x64.ActiveCfg = Debug|Any CPU
		{4AFBBE63-8C09-4BB3-99A8-066FBB247161}.Debug|x64.Build.0 = Debug|Any CPU
		{4AFBBE63-8C09-4BB3-99A8-066FBB247161}.Debug|x86.ActiveCfg = Debug|Any CPU
		{4AFBBE63-8C09-4BB3-99A8-066FBB247161}.Debug|x86.Build.0 = Debug|Any CPU
		{4AFBBE63-8C09-4BB3-99A8-066FBB247161}.Release|Any CPU.ActiveCfg = Release|Any CPU
		{4AFBBE63-8C09-4BB3-99A8-066FBB247161}.Release|Any CPU.Build.0 = Release|Any CPU
		{4AFBBE63-8C09-4BB3-99A8-066FBB247161}.Release|ARM.ActiveCfg = Release|Any CPU
		{4AFBBE63-8C09-4BB3-99A8-066FBB247161}.Release|ARM.Build.0 = Release|Any CPU
		{4AFBBE63-8C09-4BB3-99A8-066FBB247161}.Release|iPhone.ActiveCfg = Release|Any CPU
		{4AFBBE63-8C09-4BB3-99A8-066FBB247161}.Release|iPhone.Build.0 = Release|Any CPU
		{4AFBBE63-8C09-4BB3-99A8-066FBB247161}.Release|iPhoneSimulator.ActiveCfg = Release|Any CPU
		{4AFBBE63-8C09-4BB3-99A8-066FBB247161}.Release|iPhoneSimulator.Build.0 = Release|Any CPU
		{4AFBBE63-8C09-4BB3-99A8-066FBB247161}.Release|x64.ActiveCfg = Release|Any CPU
		{4AFBBE63-8C09-4BB3-99A8-066FBB247161}.Release|x64.Build.0 = Release|Any CPU
		{4AFBBE63-8C09-4BB3-99A8-066FBB247161}.Release|x86.ActiveCfg = Release|Any CPU
		{4AFBBE63-8C09-4BB3-99A8-066FBB247161}.Release|x86.Build.0 = Release|Any CPU
		{4AFBBE63-8C09-4BB3-99A8-066FBB247161}.Stage|Any CPU.ActiveCfg = Release|Any CPU
		{4AFBBE63-8C09-4BB3-99A8-066FBB247161}.Stage|Any CPU.Build.0 = Release|Any CPU
		{4AFBBE63-8C09-4BB3-99A8-066FBB247161}.Stage|ARM.ActiveCfg = Release|Any CPU
		{4AFBBE63-8C09-4BB3-99A8-066FBB247161}.Stage|ARM.Build.0 = Release|Any CPU
		{4AFBBE63-8C09-4BB3-99A8-066FBB247161}.Stage|iPhone.ActiveCfg = Release|Any CPU
		{4AFBBE63-8C09-4BB3-99A8-066FBB247161}.Stage|iPhone.Build.0 = Release|Any CPU
		{4AFBBE63-8C09-4BB3-99A8-066FBB247161}.Stage|iPhoneSimulator.ActiveCfg = Release|Any CPU
		{4AFBBE63-8C09-4BB3-99A8-066FBB247161}.Stage|iPhoneSimulator.Build.0 = Release|Any CPU
		{4AFBBE63-8C09-4BB3-99A8-066FBB247161}.Stage|x64.ActiveCfg = Release|Any CPU
		{4AFBBE63-8C09-4BB3-99A8-066FBB247161}.Stage|x64.Build.0 = Release|Any CPU
		{4AFBBE63-8C09-4BB3-99A8-066FBB247161}.Stage|x86.ActiveCfg = Release|Any CPU
		{4AFBBE63-8C09-4BB3-99A8-066FBB247161}.Stage|x86.Build.0 = Release|Any CPU
		{66140654-584E-4D7D-B87E-A6FC63BECEF1}.Debug|Any CPU.ActiveCfg = Debug|Any CPU
		{66140654-584E-4D7D-B87E-A6FC63BECEF1}.Debug|Any CPU.Build.0 = Debug|Any CPU
		{66140654-584E-4D7D-B87E-A6FC63BECEF1}.Debug|ARM.ActiveCfg = Debug|Any CPU
		{66140654-584E-4D7D-B87E-A6FC63BECEF1}.Debug|ARM.Build.0 = Debug|Any CPU
		{66140654-584E-4D7D-B87E-A6FC63BECEF1}.Debug|iPhone.ActiveCfg = Debug|Any CPU
		{66140654-584E-4D7D-B87E-A6FC63BECEF1}.Debug|iPhone.Build.0 = Debug|Any CPU
		{66140654-584E-4D7D-B87E-A6FC63BECEF1}.Debug|iPhoneSimulator.ActiveCfg = Debug|Any CPU
		{66140654-584E-4D7D-B87E-A6FC63BECEF1}.Debug|iPhoneSimulator.Build.0 = Debug|Any CPU
		{66140654-584E-4D7D-B87E-A6FC63BECEF1}.Debug|x64.ActiveCfg = Debug|Any CPU
		{66140654-584E-4D7D-B87E-A6FC63BECEF1}.Debug|x64.Build.0 = Debug|Any CPU
		{66140654-584E-4D7D-B87E-A6FC63BECEF1}.Debug|x86.ActiveCfg = Debug|Any CPU
		{66140654-584E-4D7D-B87E-A6FC63BECEF1}.Debug|x86.Build.0 = Debug|Any CPU
		{66140654-584E-4D7D-B87E-A6FC63BECEF1}.Release|Any CPU.ActiveCfg = Release|Any CPU
		{66140654-584E-4D7D-B87E-A6FC63BECEF1}.Release|Any CPU.Build.0 = Release|Any CPU
		{66140654-584E-4D7D-B87E-A6FC63BECEF1}.Release|ARM.ActiveCfg = Release|Any CPU
		{66140654-584E-4D7D-B87E-A6FC63BECEF1}.Release|ARM.Build.0 = Release|Any CPU
		{66140654-584E-4D7D-B87E-A6FC63BECEF1}.Release|iPhone.ActiveCfg = Release|Any CPU
		{66140654-584E-4D7D-B87E-A6FC63BECEF1}.Release|iPhone.Build.0 = Release|Any CPU
		{66140654-584E-4D7D-B87E-A6FC63BECEF1}.Release|iPhoneSimulator.ActiveCfg = Release|Any CPU
		{66140654-584E-4D7D-B87E-A6FC63BECEF1}.Release|iPhoneSimulator.Build.0 = Release|Any CPU
		{66140654-584E-4D7D-B87E-A6FC63BECEF1}.Release|x64.ActiveCfg = Release|Any CPU
		{66140654-584E-4D7D-B87E-A6FC63BECEF1}.Release|x64.Build.0 = Release|Any CPU
		{66140654-584E-4D7D-B87E-A6FC63BECEF1}.Release|x86.ActiveCfg = Release|Any CPU
		{66140654-584E-4D7D-B87E-A6FC63BECEF1}.Release|x86.Build.0 = Release|Any CPU
		{66140654-584E-4D7D-B87E-A6FC63BECEF1}.Stage|Any CPU.ActiveCfg = Release|Any CPU
		{66140654-584E-4D7D-B87E-A6FC63BECEF1}.Stage|Any CPU.Build.0 = Release|Any CPU
		{66140654-584E-4D7D-B87E-A6FC63BECEF1}.Stage|ARM.ActiveCfg = Release|Any CPU
		{66140654-584E-4D7D-B87E-A6FC63BECEF1}.Stage|ARM.Build.0 = Release|Any CPU
		{66140654-584E-4D7D-B87E-A6FC63BECEF1}.Stage|iPhone.ActiveCfg = Release|Any CPU
		{66140654-584E-4D7D-B87E-A6FC63BECEF1}.Stage|iPhone.Build.0 = Release|Any CPU
		{66140654-584E-4D7D-B87E-A6FC63BECEF1}.Stage|iPhoneSimulator.ActiveCfg = Release|Any CPU
		{66140654-584E-4D7D-B87E-A6FC63BECEF1}.Stage|iPhoneSimulator.Build.0 = Release|Any CPU
		{66140654-584E-4D7D-B87E-A6FC63BECEF1}.Stage|x64.ActiveCfg = Release|Any CPU
		{66140654-584E-4D7D-B87E-A6FC63BECEF1}.Stage|x64.Build.0 = Release|Any CPU
		{66140654-584E-4D7D-B87E-A6FC63BECEF1}.Stage|x86.ActiveCfg = Release|Any CPU
		{66140654-584E-4D7D-B87E-A6FC63BECEF1}.Stage|x86.Build.0 = Release|Any CPU
		{C6942A06-FE47-456A-98F5-F98B013726F6}.Debug|Any CPU.ActiveCfg = Debug|Any CPU
		{C6942A06-FE47-456A-98F5-F98B013726F6}.Debug|Any CPU.Build.0 = Debug|Any CPU
		{C6942A06-FE47-456A-98F5-F98B013726F6}.Debug|ARM.ActiveCfg = Debug|Any CPU
		{C6942A06-FE47-456A-98F5-F98B013726F6}.Debug|ARM.Build.0 = Debug|Any CPU
		{C6942A06-FE47-456A-98F5-F98B013726F6}.Debug|iPhone.ActiveCfg = Debug|Any CPU
		{C6942A06-FE47-456A-98F5-F98B013726F6}.Debug|iPhone.Build.0 = Debug|Any CPU
		{C6942A06-FE47-456A-98F5-F98B013726F6}.Debug|iPhoneSimulator.ActiveCfg = Debug|Any CPU
		{C6942A06-FE47-456A-98F5-F98B013726F6}.Debug|iPhoneSimulator.Build.0 = Debug|Any CPU
		{C6942A06-FE47-456A-98F5-F98B013726F6}.Debug|x64.ActiveCfg = Debug|Any CPU
		{C6942A06-FE47-456A-98F5-F98B013726F6}.Debug|x64.Build.0 = Debug|Any CPU
		{C6942A06-FE47-456A-98F5-F98B013726F6}.Debug|x86.ActiveCfg = Debug|Any CPU
		{C6942A06-FE47-456A-98F5-F98B013726F6}.Debug|x86.Build.0 = Debug|Any CPU
		{C6942A06-FE47-456A-98F5-F98B013726F6}.Release|Any CPU.ActiveCfg = Release|Any CPU
		{C6942A06-FE47-456A-98F5-F98B013726F6}.Release|Any CPU.Build.0 = Release|Any CPU
		{C6942A06-FE47-456A-98F5-F98B013726F6}.Release|ARM.ActiveCfg = Release|Any CPU
		{C6942A06-FE47-456A-98F5-F98B013726F6}.Release|ARM.Build.0 = Release|Any CPU
		{C6942A06-FE47-456A-98F5-F98B013726F6}.Release|iPhone.ActiveCfg = Release|Any CPU
		{C6942A06-FE47-456A-98F5-F98B013726F6}.Release|iPhone.Build.0 = Release|Any CPU
		{C6942A06-FE47-456A-98F5-F98B013726F6}.Release|iPhoneSimulator.ActiveCfg = Release|Any CPU
		{C6942A06-FE47-456A-98F5-F98B013726F6}.Release|iPhoneSimulator.Build.0 = Release|Any CPU
		{C6942A06-FE47-456A-98F5-F98B013726F6}.Release|x64.ActiveCfg = Release|Any CPU
		{C6942A06-FE47-456A-98F5-F98B013726F6}.Release|x64.Build.0 = Release|Any CPU
		{C6942A06-FE47-456A-98F5-F98B013726F6}.Release|x86.ActiveCfg = Release|Any CPU
		{C6942A06-FE47-456A-98F5-F98B013726F6}.Release|x86.Build.0 = Release|Any CPU
		{C6942A06-FE47-456A-98F5-F98B013726F6}.Stage|Any CPU.ActiveCfg = Release|Any CPU
		{C6942A06-FE47-456A-98F5-F98B013726F6}.Stage|Any CPU.Build.0 = Release|Any CPU
		{C6942A06-FE47-456A-98F5-F98B013726F6}.Stage|ARM.ActiveCfg = Release|Any CPU
		{C6942A06-FE47-456A-98F5-F98B013726F6}.Stage|ARM.Build.0 = Release|Any CPU
		{C6942A06-FE47-456A-98F5-F98B013726F6}.Stage|iPhone.ActiveCfg = Release|Any CPU
		{C6942A06-FE47-456A-98F5-F98B013726F6}.Stage|iPhone.Build.0 = Release|Any CPU
		{C6942A06-FE47-456A-98F5-F98B013726F6}.Stage|iPhoneSimulator.ActiveCfg = Release|Any CPU
		{C6942A06-FE47-456A-98F5-F98B013726F6}.Stage|iPhoneSimulator.Build.0 = Release|Any CPU
		{C6942A06-FE47-456A-98F5-F98B013726F6}.Stage|x64.ActiveCfg = Release|Any CPU
		{C6942A06-FE47-456A-98F5-F98B013726F6}.Stage|x64.Build.0 = Release|Any CPU
		{C6942A06-FE47-456A-98F5-F98B013726F6}.Stage|x86.ActiveCfg = Release|Any CPU
		{C6942A06-FE47-456A-98F5-F98B013726F6}.Stage|x86.Build.0 = Release|Any CPU
		{6FFEC5E5-8D81-4098-9C48-07D265ABA2BF}.Debug|Any CPU.ActiveCfg = Debug|Any CPU
		{6FFEC5E5-8D81-4098-9C48-07D265ABA2BF}.Debug|Any CPU.Build.0 = Debug|Any CPU
		{6FFEC5E5-8D81-4098-9C48-07D265ABA2BF}.Debug|ARM.ActiveCfg = Debug|Any CPU
		{6FFEC5E5-8D81-4098-9C48-07D265ABA2BF}.Debug|ARM.Build.0 = Debug|Any CPU
		{6FFEC5E5-8D81-4098-9C48-07D265ABA2BF}.Debug|iPhone.ActiveCfg = Debug|Any CPU
		{6FFEC5E5-8D81-4098-9C48-07D265ABA2BF}.Debug|iPhone.Build.0 = Debug|Any CPU
		{6FFEC5E5-8D81-4098-9C48-07D265ABA2BF}.Debug|iPhoneSimulator.ActiveCfg = Debug|Any CPU
		{6FFEC5E5-8D81-4098-9C48-07D265ABA2BF}.Debug|iPhoneSimulator.Build.0 = Debug|Any CPU
		{6FFEC5E5-8D81-4098-9C48-07D265ABA2BF}.Debug|x64.ActiveCfg = Debug|Any CPU
		{6FFEC5E5-8D81-4098-9C48-07D265ABA2BF}.Debug|x64.Build.0 = Debug|Any CPU
		{6FFEC5E5-8D81-4098-9C48-07D265ABA2BF}.Debug|x86.ActiveCfg = Debug|Any CPU
		{6FFEC5E5-8D81-4098-9C48-07D265ABA2BF}.Debug|x86.Build.0 = Debug|Any CPU
		{6FFEC5E5-8D81-4098-9C48-07D265ABA2BF}.Release|Any CPU.ActiveCfg = Release|Any CPU
		{6FFEC5E5-8D81-4098-9C48-07D265ABA2BF}.Release|Any CPU.Build.0 = Release|Any CPU
		{6FFEC5E5-8D81-4098-9C48-07D265ABA2BF}.Release|ARM.ActiveCfg = Release|Any CPU
		{6FFEC5E5-8D81-4098-9C48-07D265ABA2BF}.Release|ARM.Build.0 = Release|Any CPU
		{6FFEC5E5-8D81-4098-9C48-07D265ABA2BF}.Release|iPhone.ActiveCfg = Release|Any CPU
		{6FFEC5E5-8D81-4098-9C48-07D265ABA2BF}.Release|iPhone.Build.0 = Release|Any CPU
		{6FFEC5E5-8D81-4098-9C48-07D265ABA2BF}.Release|iPhoneSimulator.ActiveCfg = Release|Any CPU
		{6FFEC5E5-8D81-4098-9C48-07D265ABA2BF}.Release|iPhoneSimulator.Build.0 = Release|Any CPU
		{6FFEC5E5-8D81-4098-9C48-07D265ABA2BF}.Release|x64.ActiveCfg = Release|Any CPU
		{6FFEC5E5-8D81-4098-9C48-07D265ABA2BF}.Release|x64.Build.0 = Release|Any CPU
		{6FFEC5E5-8D81-4098-9C48-07D265ABA2BF}.Release|x86.ActiveCfg = Release|Any CPU
		{6FFEC5E5-8D81-4098-9C48-07D265ABA2BF}.Release|x86.Build.0 = Release|Any CPU
		{6FFEC5E5-8D81-4098-9C48-07D265ABA2BF}.Stage|Any CPU.ActiveCfg = Release|Any CPU
		{6FFEC5E5-8D81-4098-9C48-07D265ABA2BF}.Stage|Any CPU.Build.0 = Release|Any CPU
		{6FFEC5E5-8D81-4098-9C48-07D265ABA2BF}.Stage|ARM.ActiveCfg = Release|Any CPU
		{6FFEC5E5-8D81-4098-9C48-07D265ABA2BF}.Stage|ARM.Build.0 = Release|Any CPU
		{6FFEC5E5-8D81-4098-9C48-07D265ABA2BF}.Stage|iPhone.ActiveCfg = Release|Any CPU
		{6FFEC5E5-8D81-4098-9C48-07D265ABA2BF}.Stage|iPhone.Build.0 = Release|Any CPU
		{6FFEC5E5-8D81-4098-9C48-07D265ABA2BF}.Stage|iPhoneSimulator.ActiveCfg = Release|Any CPU
		{6FFEC5E5-8D81-4098-9C48-07D265ABA2BF}.Stage|iPhoneSimulator.Build.0 = Release|Any CPU
		{6FFEC5E5-8D81-4098-9C48-07D265ABA2BF}.Stage|x64.ActiveCfg = Release|Any CPU
		{6FFEC5E5-8D81-4098-9C48-07D265ABA2BF}.Stage|x64.Build.0 = Release|Any CPU
		{6FFEC5E5-8D81-4098-9C48-07D265ABA2BF}.Stage|x86.ActiveCfg = Release|Any CPU
		{6FFEC5E5-8D81-4098-9C48-07D265ABA2BF}.Stage|x86.Build.0 = Release|Any CPU
		{93783D47-74C6-44E2-9F1F-C08B5736723B}.Debug|Any CPU.ActiveCfg = Debug|x86
		{93783D47-74C6-44E2-9F1F-C08B5736723B}.Debug|ARM.ActiveCfg = Debug|ARM
		{93783D47-74C6-44E2-9F1F-C08B5736723B}.Debug|ARM.Build.0 = Debug|ARM
		{93783D47-74C6-44E2-9F1F-C08B5736723B}.Debug|ARM.Deploy.0 = Debug|ARM
		{93783D47-74C6-44E2-9F1F-C08B5736723B}.Debug|iPhone.ActiveCfg = Debug|x86
		{93783D47-74C6-44E2-9F1F-C08B5736723B}.Debug|iPhoneSimulator.ActiveCfg = Debug|x86
		{93783D47-74C6-44E2-9F1F-C08B5736723B}.Debug|x64.ActiveCfg = Debug|x64
		{93783D47-74C6-44E2-9F1F-C08B5736723B}.Debug|x64.Build.0 = Debug|x64
		{93783D47-74C6-44E2-9F1F-C08B5736723B}.Debug|x64.Deploy.0 = Debug|x64
		{93783D47-74C6-44E2-9F1F-C08B5736723B}.Debug|x86.ActiveCfg = Debug|x86
		{93783D47-74C6-44E2-9F1F-C08B5736723B}.Debug|x86.Build.0 = Debug|x86
		{93783D47-74C6-44E2-9F1F-C08B5736723B}.Debug|x86.Deploy.0 = Debug|x86
		{93783D47-74C6-44E2-9F1F-C08B5736723B}.Release|Any CPU.ActiveCfg = Release|x86
		{93783D47-74C6-44E2-9F1F-C08B5736723B}.Release|ARM.ActiveCfg = Release|ARM
		{93783D47-74C6-44E2-9F1F-C08B5736723B}.Release|ARM.Build.0 = Release|ARM
		{93783D47-74C6-44E2-9F1F-C08B5736723B}.Release|ARM.Deploy.0 = Release|ARM
		{93783D47-74C6-44E2-9F1F-C08B5736723B}.Release|iPhone.ActiveCfg = Release|x86
		{93783D47-74C6-44E2-9F1F-C08B5736723B}.Release|iPhoneSimulator.ActiveCfg = Release|x86
		{93783D47-74C6-44E2-9F1F-C08B5736723B}.Release|x64.ActiveCfg = Release|x64
		{93783D47-74C6-44E2-9F1F-C08B5736723B}.Release|x64.Build.0 = Release|x64
		{93783D47-74C6-44E2-9F1F-C08B5736723B}.Release|x64.Deploy.0 = Release|x64
		{93783D47-74C6-44E2-9F1F-C08B5736723B}.Release|x86.ActiveCfg = Release|x86
		{93783D47-74C6-44E2-9F1F-C08B5736723B}.Release|x86.Build.0 = Release|x86
		{93783D47-74C6-44E2-9F1F-C08B5736723B}.Release|x86.Deploy.0 = Release|x86
		{93783D47-74C6-44E2-9F1F-C08B5736723B}.Stage|Any CPU.ActiveCfg = Release|x86
		{93783D47-74C6-44E2-9F1F-C08B5736723B}.Stage|Any CPU.Build.0 = Release|x86
		{93783D47-74C6-44E2-9F1F-C08B5736723B}.Stage|Any CPU.Deploy.0 = Release|x86
		{93783D47-74C6-44E2-9F1F-C08B5736723B}.Stage|ARM.ActiveCfg = Release|ARM
		{93783D47-74C6-44E2-9F1F-C08B5736723B}.Stage|ARM.Build.0 = Release|ARM
		{93783D47-74C6-44E2-9F1F-C08B5736723B}.Stage|ARM.Deploy.0 = Release|ARM
		{93783D47-74C6-44E2-9F1F-C08B5736723B}.Stage|iPhone.ActiveCfg = Release|x86
		{93783D47-74C6-44E2-9F1F-C08B5736723B}.Stage|iPhone.Build.0 = Release|x86
		{93783D47-74C6-44E2-9F1F-C08B5736723B}.Stage|iPhone.Deploy.0 = Release|x86
		{93783D47-74C6-44E2-9F1F-C08B5736723B}.Stage|iPhoneSimulator.ActiveCfg = Release|x86
		{93783D47-74C6-44E2-9F1F-C08B5736723B}.Stage|iPhoneSimulator.Build.0 = Release|x86
		{93783D47-74C6-44E2-9F1F-C08B5736723B}.Stage|iPhoneSimulator.Deploy.0 = Release|x86
		{93783D47-74C6-44E2-9F1F-C08B5736723B}.Stage|x64.ActiveCfg = Release|x64
		{93783D47-74C6-44E2-9F1F-C08B5736723B}.Stage|x64.Build.0 = Release|x64
		{93783D47-74C6-44E2-9F1F-C08B5736723B}.Stage|x64.Deploy.0 = Release|x64
		{93783D47-74C6-44E2-9F1F-C08B5736723B}.Stage|x86.ActiveCfg = Release|x86
		{93783D47-74C6-44E2-9F1F-C08B5736723B}.Stage|x86.Build.0 = Release|x86
		{93783D47-74C6-44E2-9F1F-C08B5736723B}.Stage|x86.Deploy.0 = Release|x86
		{7AB2D865-1627-4E16-B49E-579966F1A7A8}.Debug|Any CPU.ActiveCfg = Debug|Any CPU
		{7AB2D865-1627-4E16-B49E-579966F1A7A8}.Debug|Any CPU.Build.0 = Debug|Any CPU
		{7AB2D865-1627-4E16-B49E-579966F1A7A8}.Debug|Any CPU.Deploy.0 = Debug|Any CPU
		{7AB2D865-1627-4E16-B49E-579966F1A7A8}.Debug|ARM.ActiveCfg = Debug|Any CPU
		{7AB2D865-1627-4E16-B49E-579966F1A7A8}.Debug|ARM.Build.0 = Debug|Any CPU
		{7AB2D865-1627-4E16-B49E-579966F1A7A8}.Debug|ARM.Deploy.0 = Debug|Any CPU
		{7AB2D865-1627-4E16-B49E-579966F1A7A8}.Debug|iPhone.ActiveCfg = Debug|Any CPU
		{7AB2D865-1627-4E16-B49E-579966F1A7A8}.Debug|iPhone.Build.0 = Debug|Any CPU
		{7AB2D865-1627-4E16-B49E-579966F1A7A8}.Debug|iPhone.Deploy.0 = Debug|Any CPU
		{7AB2D865-1627-4E16-B49E-579966F1A7A8}.Debug|iPhoneSimulator.ActiveCfg = Debug|Any CPU
		{7AB2D865-1627-4E16-B49E-579966F1A7A8}.Debug|iPhoneSimulator.Build.0 = Debug|Any CPU
		{7AB2D865-1627-4E16-B49E-579966F1A7A8}.Debug|iPhoneSimulator.Deploy.0 = Debug|Any CPU
		{7AB2D865-1627-4E16-B49E-579966F1A7A8}.Debug|x64.ActiveCfg = Debug|Any CPU
		{7AB2D865-1627-4E16-B49E-579966F1A7A8}.Debug|x64.Build.0 = Debug|Any CPU
		{7AB2D865-1627-4E16-B49E-579966F1A7A8}.Debug|x64.Deploy.0 = Debug|Any CPU
		{7AB2D865-1627-4E16-B49E-579966F1A7A8}.Debug|x86.ActiveCfg = Debug|Any CPU
		{7AB2D865-1627-4E16-B49E-579966F1A7A8}.Debug|x86.Build.0 = Debug|Any CPU
		{7AB2D865-1627-4E16-B49E-579966F1A7A8}.Debug|x86.Deploy.0 = Debug|Any CPU
		{7AB2D865-1627-4E16-B49E-579966F1A7A8}.Release|Any CPU.ActiveCfg = Release|Any CPU
		{7AB2D865-1627-4E16-B49E-579966F1A7A8}.Release|Any CPU.Build.0 = Release|Any CPU
		{7AB2D865-1627-4E16-B49E-579966F1A7A8}.Release|Any CPU.Deploy.0 = Release|Any CPU
		{7AB2D865-1627-4E16-B49E-579966F1A7A8}.Release|ARM.ActiveCfg = Release|Any CPU
		{7AB2D865-1627-4E16-B49E-579966F1A7A8}.Release|ARM.Build.0 = Release|Any CPU
		{7AB2D865-1627-4E16-B49E-579966F1A7A8}.Release|ARM.Deploy.0 = Release|Any CPU
		{7AB2D865-1627-4E16-B49E-579966F1A7A8}.Release|iPhone.ActiveCfg = Release|Any CPU
		{7AB2D865-1627-4E16-B49E-579966F1A7A8}.Release|iPhone.Build.0 = Release|Any CPU
		{7AB2D865-1627-4E16-B49E-579966F1A7A8}.Release|iPhone.Deploy.0 = Release|Any CPU
		{7AB2D865-1627-4E16-B49E-579966F1A7A8}.Release|iPhoneSimulator.ActiveCfg = Release|Any CPU
		{7AB2D865-1627-4E16-B49E-579966F1A7A8}.Release|iPhoneSimulator.Build.0 = Release|Any CPU
		{7AB2D865-1627-4E16-B49E-579966F1A7A8}.Release|iPhoneSimulator.Deploy.0 = Release|Any CPU
		{7AB2D865-1627-4E16-B49E-579966F1A7A8}.Release|x64.ActiveCfg = Release|Any CPU
		{7AB2D865-1627-4E16-B49E-579966F1A7A8}.Release|x64.Build.0 = Release|Any CPU
		{7AB2D865-1627-4E16-B49E-579966F1A7A8}.Release|x64.Deploy.0 = Release|Any CPU
		{7AB2D865-1627-4E16-B49E-579966F1A7A8}.Release|x86.ActiveCfg = Release|Any CPU
		{7AB2D865-1627-4E16-B49E-579966F1A7A8}.Release|x86.Build.0 = Release|Any CPU
		{7AB2D865-1627-4E16-B49E-579966F1A7A8}.Release|x86.Deploy.0 = Release|Any CPU
		{7AB2D865-1627-4E16-B49E-579966F1A7A8}.Stage|Any CPU.ActiveCfg = Release|Any CPU
		{7AB2D865-1627-4E16-B49E-579966F1A7A8}.Stage|Any CPU.Build.0 = Release|Any CPU
		{7AB2D865-1627-4E16-B49E-579966F1A7A8}.Stage|Any CPU.Deploy.0 = Release|Any CPU
		{7AB2D865-1627-4E16-B49E-579966F1A7A8}.Stage|ARM.ActiveCfg = Release|Any CPU
		{7AB2D865-1627-4E16-B49E-579966F1A7A8}.Stage|ARM.Build.0 = Release|Any CPU
		{7AB2D865-1627-4E16-B49E-579966F1A7A8}.Stage|ARM.Deploy.0 = Release|Any CPU
		{7AB2D865-1627-4E16-B49E-579966F1A7A8}.Stage|iPhone.ActiveCfg = Release|Any CPU
		{7AB2D865-1627-4E16-B49E-579966F1A7A8}.Stage|iPhone.Build.0 = Release|Any CPU
		{7AB2D865-1627-4E16-B49E-579966F1A7A8}.Stage|iPhone.Deploy.0 = Release|Any CPU
		{7AB2D865-1627-4E16-B49E-579966F1A7A8}.Stage|iPhoneSimulator.ActiveCfg = Release|Any CPU
		{7AB2D865-1627-4E16-B49E-579966F1A7A8}.Stage|iPhoneSimulator.Build.0 = Release|Any CPU
		{7AB2D865-1627-4E16-B49E-579966F1A7A8}.Stage|iPhoneSimulator.Deploy.0 = Release|Any CPU
		{7AB2D865-1627-4E16-B49E-579966F1A7A8}.Stage|x64.ActiveCfg = Release|Any CPU
		{7AB2D865-1627-4E16-B49E-579966F1A7A8}.Stage|x64.Build.0 = Release|Any CPU
		{7AB2D865-1627-4E16-B49E-579966F1A7A8}.Stage|x64.Deploy.0 = Release|Any CPU
		{7AB2D865-1627-4E16-B49E-579966F1A7A8}.Stage|x86.ActiveCfg = Release|Any CPU
		{7AB2D865-1627-4E16-B49E-579966F1A7A8}.Stage|x86.Build.0 = Release|Any CPU
		{7AB2D865-1627-4E16-B49E-579966F1A7A8}.Stage|x86.Deploy.0 = Release|Any CPU
		{7C5A98D4-1B3A-4522-A5B4-5027ED1103F5}.Debug|Any CPU.ActiveCfg = Debug|iPhone
		{7C5A98D4-1B3A-4522-A5B4-5027ED1103F5}.Debug|ARM.ActiveCfg = Debug|iPhone
		{7C5A98D4-1B3A-4522-A5B4-5027ED1103F5}.Debug|iPhone.ActiveCfg = Debug|iPhone
		{7C5A98D4-1B3A-4522-A5B4-5027ED1103F5}.Debug|iPhone.Build.0 = Debug|iPhone
		{7C5A98D4-1B3A-4522-A5B4-5027ED1103F5}.Debug|iPhoneSimulator.ActiveCfg = Debug|iPhoneSimulator
		{7C5A98D4-1B3A-4522-A5B4-5027ED1103F5}.Debug|iPhoneSimulator.Build.0 = Debug|iPhoneSimulator
		{7C5A98D4-1B3A-4522-A5B4-5027ED1103F5}.Debug|x64.ActiveCfg = Debug|iPhone
		{7C5A98D4-1B3A-4522-A5B4-5027ED1103F5}.Debug|x86.ActiveCfg = Debug|iPhone
		{7C5A98D4-1B3A-4522-A5B4-5027ED1103F5}.Release|Any CPU.ActiveCfg = Release|iPhone
		{7C5A98D4-1B3A-4522-A5B4-5027ED1103F5}.Release|ARM.ActiveCfg = Release|iPhone
		{7C5A98D4-1B3A-4522-A5B4-5027ED1103F5}.Release|iPhone.ActiveCfg = Release|iPhone
		{7C5A98D4-1B3A-4522-A5B4-5027ED1103F5}.Release|iPhone.Build.0 = Release|iPhone
		{7C5A98D4-1B3A-4522-A5B4-5027ED1103F5}.Release|iPhoneSimulator.ActiveCfg = Release|iPhoneSimulator
		{7C5A98D4-1B3A-4522-A5B4-5027ED1103F5}.Release|iPhoneSimulator.Build.0 = Release|iPhoneSimulator
		{7C5A98D4-1B3A-4522-A5B4-5027ED1103F5}.Release|x64.ActiveCfg = Release|iPhone
		{7C5A98D4-1B3A-4522-A5B4-5027ED1103F5}.Release|x86.ActiveCfg = Release|iPhone
		{7C5A98D4-1B3A-4522-A5B4-5027ED1103F5}.Stage|Any CPU.ActiveCfg = Release|iPhone
		{7C5A98D4-1B3A-4522-A5B4-5027ED1103F5}.Stage|Any CPU.Build.0 = Release|iPhone
		{7C5A98D4-1B3A-4522-A5B4-5027ED1103F5}.Stage|ARM.ActiveCfg = Release|iPhone
		{7C5A98D4-1B3A-4522-A5B4-5027ED1103F5}.Stage|ARM.Build.0 = Release|iPhone
		{7C5A98D4-1B3A-4522-A5B4-5027ED1103F5}.Stage|iPhone.ActiveCfg = Release|iPhone
		{7C5A98D4-1B3A-4522-A5B4-5027ED1103F5}.Stage|iPhone.Build.0 = Release|iPhone
		{7C5A98D4-1B3A-4522-A5B4-5027ED1103F5}.Stage|iPhoneSimulator.ActiveCfg = Release|iPhoneSimulator
		{7C5A98D4-1B3A-4522-A5B4-5027ED1103F5}.Stage|iPhoneSimulator.Build.0 = Release|iPhoneSimulator
		{7C5A98D4-1B3A-4522-A5B4-5027ED1103F5}.Stage|x64.ActiveCfg = Release|iPhone
		{7C5A98D4-1B3A-4522-A5B4-5027ED1103F5}.Stage|x64.Build.0 = Release|iPhone
		{7C5A98D4-1B3A-4522-A5B4-5027ED1103F5}.Stage|x86.ActiveCfg = Release|iPhone
		{7C5A98D4-1B3A-4522-A5B4-5027ED1103F5}.Stage|x86.Build.0 = Release|iPhone
		{C9C98BA1-E6F6-4446-AFA8-5069DE0DCB13}.Debug|Any CPU.ActiveCfg = Debug|Any CPU
		{C9C98BA1-E6F6-4446-AFA8-5069DE0DCB13}.Debug|Any CPU.Build.0 = Debug|Any CPU
		{C9C98BA1-E6F6-4446-AFA8-5069DE0DCB13}.Debug|ARM.ActiveCfg = Debug|Any CPU
		{C9C98BA1-E6F6-4446-AFA8-5069DE0DCB13}.Debug|ARM.Build.0 = Debug|Any CPU
		{C9C98BA1-E6F6-4446-AFA8-5069DE0DCB13}.Debug|iPhone.ActiveCfg = Debug|Any CPU
		{C9C98BA1-E6F6-4446-AFA8-5069DE0DCB13}.Debug|iPhone.Build.0 = Debug|Any CPU
		{C9C98BA1-E6F6-4446-AFA8-5069DE0DCB13}.Debug|iPhoneSimulator.ActiveCfg = Debug|Any CPU
		{C9C98BA1-E6F6-4446-AFA8-5069DE0DCB13}.Debug|iPhoneSimulator.Build.0 = Debug|Any CPU
		{C9C98BA1-E6F6-4446-AFA8-5069DE0DCB13}.Debug|x64.ActiveCfg = Debug|Any CPU
		{C9C98BA1-E6F6-4446-AFA8-5069DE0DCB13}.Debug|x64.Build.0 = Debug|Any CPU
		{C9C98BA1-E6F6-4446-AFA8-5069DE0DCB13}.Debug|x86.ActiveCfg = Debug|Any CPU
		{C9C98BA1-E6F6-4446-AFA8-5069DE0DCB13}.Debug|x86.Build.0 = Debug|Any CPU
		{C9C98BA1-E6F6-4446-AFA8-5069DE0DCB13}.Release|Any CPU.ActiveCfg = Release|Any CPU
		{C9C98BA1-E6F6-4446-AFA8-5069DE0DCB13}.Release|Any CPU.Build.0 = Release|Any CPU
		{C9C98BA1-E6F6-4446-AFA8-5069DE0DCB13}.Release|ARM.ActiveCfg = Release|Any CPU
		{C9C98BA1-E6F6-4446-AFA8-5069DE0DCB13}.Release|ARM.Build.0 = Release|Any CPU
		{C9C98BA1-E6F6-4446-AFA8-5069DE0DCB13}.Release|iPhone.ActiveCfg = Release|Any CPU
		{C9C98BA1-E6F6-4446-AFA8-5069DE0DCB13}.Release|iPhone.Build.0 = Release|Any CPU
		{C9C98BA1-E6F6-4446-AFA8-5069DE0DCB13}.Release|iPhoneSimulator.ActiveCfg = Release|Any CPU
		{C9C98BA1-E6F6-4446-AFA8-5069DE0DCB13}.Release|iPhoneSimulator.Build.0 = Release|Any CPU
		{C9C98BA1-E6F6-4446-AFA8-5069DE0DCB13}.Release|x64.ActiveCfg = Release|Any CPU
		{C9C98BA1-E6F6-4446-AFA8-5069DE0DCB13}.Release|x64.Build.0 = Release|Any CPU
		{C9C98BA1-E6F6-4446-AFA8-5069DE0DCB13}.Release|x86.ActiveCfg = Release|Any CPU
		{C9C98BA1-E6F6-4446-AFA8-5069DE0DCB13}.Release|x86.Build.0 = Release|Any CPU
		{C9C98BA1-E6F6-4446-AFA8-5069DE0DCB13}.Stage|Any CPU.ActiveCfg = Debug|Any CPU
		{C9C98BA1-E6F6-4446-AFA8-5069DE0DCB13}.Stage|Any CPU.Build.0 = Debug|Any CPU
		{C9C98BA1-E6F6-4446-AFA8-5069DE0DCB13}.Stage|ARM.ActiveCfg = Debug|Any CPU
		{C9C98BA1-E6F6-4446-AFA8-5069DE0DCB13}.Stage|ARM.Build.0 = Debug|Any CPU
		{C9C98BA1-E6F6-4446-AFA8-5069DE0DCB13}.Stage|iPhone.ActiveCfg = Debug|Any CPU
		{C9C98BA1-E6F6-4446-AFA8-5069DE0DCB13}.Stage|iPhone.Build.0 = Debug|Any CPU
		{C9C98BA1-E6F6-4446-AFA8-5069DE0DCB13}.Stage|iPhoneSimulator.ActiveCfg = Debug|Any CPU
		{C9C98BA1-E6F6-4446-AFA8-5069DE0DCB13}.Stage|iPhoneSimulator.Build.0 = Debug|Any CPU
		{C9C98BA1-E6F6-4446-AFA8-5069DE0DCB13}.Stage|x64.ActiveCfg = Debug|Any CPU
		{C9C98BA1-E6F6-4446-AFA8-5069DE0DCB13}.Stage|x64.Build.0 = Debug|Any CPU
		{C9C98BA1-E6F6-4446-AFA8-5069DE0DCB13}.Stage|x86.ActiveCfg = Debug|Any CPU
		{C9C98BA1-E6F6-4446-AFA8-5069DE0DCB13}.Stage|x86.Build.0 = Debug|Any CPU
	EndGlobalSection
	GlobalSection(SolutionProperties) = preSolution
		HideSolutionNode = FALSE
	EndGlobalSection
	GlobalSection(ExtensibilityGlobals) = postSolution
		SolutionGuid = {22B33493-46EB-4BD3-8C0A-BF6B2538B551}
	EndGlobalSection
EndGlobal
